
Microsoft Visual Studio Solution File, Format Version 12.00
# Visual Studio 15
VisualStudioVersion = 15.0.28307.271
MinimumVisualStudioVersion = 10.0.40219.1
Project("{FAE04EC0-301F-11D3-BF4B-00C04F79EFBC}") = "Walterlv.CloudKeyboard.iOS", "Walterlv.CloudKeyboard.iOS\Walterlv.CloudKeyboard.iOS.csproj", "{742034B7-B944-4BBB-AEEB-117D9024FAC2}"
EndProject
Project("{FAE04EC0-301F-11D3-BF4B-00C04F79EFBC}") = "Walterlv.CloudKeyboard.Core", "Walterlv.CloudKeyboard.Core\Walterlv.CloudKeyboard.Core.csproj", "{ECE91EB2-2DD8-41F7-BE7F-FB57484807B1}"
EndProject
Global
	GlobalSection(SolutionConfigurationPlatforms) = preSolution
		Debug|Any CPU = Debug|Any CPU
		Debug|iPhone = Debug|iPhone
		Debug|iPhoneSimulator = Debug|iPhoneSimulator
		Release|Any CPU = Release|Any CPU
		Release|iPhone = Release|iPhone
		Release|iPhoneSimulator = Release|iPhoneSimulator
	EndGlobalSection
	GlobalSection(ProjectConfigurationPlatforms) = postSolution
		{742034B7-B944-4BBB-AEEB-117D9024FAC2}.Debug|Any CPU.ActiveCfg = Debug|iPhone
		{742034B7-B944-4BBB-AEEB-117D9024FAC2}.Debug|iPhone.ActiveCfg = Debug|iPhone
		{742034B7-B944-4BBB-AEEB-117D9024FAC2}.Debug|iPhone.Build.0 = Debug|iPhone
		{742034B7-B944-4BBB-AEEB-117D9024FAC2}.Debug|iPhoneSimulator.ActiveCfg = Debug|iPhoneSimulator
		{742034B7-B944-4BBB-AEEB-117D9024FAC2}.Debug|iPhoneSimulator.Build.0 = Debug|iPhoneSimulator
		{742034B7-B944-4BBB-AEEB-117D9024FAC2}.Release|Any CPU.ActiveCfg = Release|iPhone
		{742034B7-B944-4BBB-AEEB-117D9024FAC2}.Release|iPhone.ActiveCfg = Release|iPhone
		{742034B7-B944-4BBB-AEEB-117D9024FAC2}.Release|iPhone.Build.0 = Release|iPhone
		{742034B7-B944-4BBB-AEEB-117D9024FAC2}.Release|iPhoneSimulator.ActiveCfg = Release|iPhoneSimulator
		{742034B7-B944-4BBB-AEEB-117D9024FAC2}.Release|iPhoneSimulator.Build.0 = Release|iPhoneSimulator
		{ECE91EB2-2DD8-41F7-BE7F-FB57484807B1}.Debug|Any CPU.ActiveCfg = Debug|Any CPU
		{ECE91EB2-2DD8-41F7-BE7F-FB57484807B1}.Debug|Any CPU.Build.0 = Debug|Any CPU
		{ECE91EB2-2DD8-41F7-BE7F-FB57484807B1}.Debug|iPhone.ActiveCfg = Debug|Any CPU
		{ECE91EB2-2DD8-41F7-BE7F-FB57484807B1}.Debug|iPhone.Build.0 = Debug|Any CPU
		{ECE91EB2-2DD8-41F7-BE7F-FB57484807B1}.Debug|iPhoneSimulator.ActiveCfg = Debug|Any CPU
		{ECE91EB2-2DD8-41F7-BE7F-FB57484807B1}.Debug|iPhoneSimulator.Build.0 = Debug|Any CPU
		{ECE91EB2-2DD8-41F7-BE7F-FB57484807B1}.Release|Any CPU.ActiveCfg = Release|Any CPU
		{ECE91EB2-2DD8-41F7-BE7F-FB57484807B1}.Release|Any CPU.Build.0 = Release|Any CPU
		{ECE91EB2-2DD8-41F7-BE7F-FB57484807B1}.Release|iPhone.ActiveCfg = Release|Any CPU
		{ECE91EB2-2DD8-41F7-BE7F-FB57484807B1}.Release|iPhone.Build.0 = Release|Any CPU
		{ECE91EB2-2DD8-41F7-BE7F-FB57484807B1}.Release|iPhoneSimulator.ActiveCfg = Release|Any CPU
		{ECE91EB2-2DD8-41F7-BE7F-FB57484807B1}.Release|iPhoneSimulator.Build.0 = Release|Any CPU
	EndGlobalSection
	GlobalSection(SolutionProperties) = preSolution
		HideSolutionNode = FALSE
	EndGlobalSection
	GlobalSection(ExtensibilityGlobals) = postSolution
		SolutionGuid = {19215C22-DBE9-4567-A4E4-FCBCDED21E1A}
	EndGlobalSection
EndGlobal
