
Microsoft Visual Studio Solution File, Format Version 12.00
# Visual Studio 15
VisualStudioVersion = 15.0.28307.271
MinimumVisualStudioVersion = 10.0.40219.1
Project("{FAE04EC0-301F-11D3-BF4B-00C04F79EFBC}") = "Walterlv.CloudInputMethod.Android", "Walterlv.CloudInputMethod\Walterlv.CloudInputMethod.Android\Walterlv.CloudInputMethod.Android.csproj", "{37E17A3C-011B-4B49-8EF3-9A4BE07CB7BA}"
EndProject
Project("{FAE04EC0-301F-11D3-BF4B-00C04F79EFBC}") = "Walterlv.CloudInputMethod.iOS", "Walterlv.CloudInputMethod\Walterlv.CloudInputMethod.iOS\Walterlv.CloudInputMethod.iOS.csproj", "{71581C82-3765-40B3-99E1-000B62B9DFAF}"
EndProject
Project("{FAE04EC0-301F-11D3-BF4B-00C04F79EFBC}") = "Walterlv.CloudInputMethod.UWP", "Walterlv.CloudInputMethod\Walterlv.CloudInputMethod.UWP\Walterlv.CloudInputMethod.UWP.csproj", "{BA0F620B-6C43-485D-90BE-8809BB3FEE24}"
EndProject
Project("{FAE04EC0-301F-11D3-BF4B-00C04F79EFBC}") = "Walterlv.CloudInputMethod", "Walterlv.CloudInputMethod\Walterlv.CloudInputMethod\Walterlv.CloudInputMethod.csproj", "{BF71F20A-3927-4E19-AAD0-70D7E6602DBA}"
EndProject
Project("{FAE04EC0-301F-11D3-BF4B-00C04F79EFBC}") = "Walterlv.CloudKeyboard", "Walterlv.CloudKeyboard\Walterlv.CloudKeyboard.csproj", "{E4048311-836B-4542-84F1-40599C99C57C}"
EndProject
Project("{FAE04EC0-301F-11D3-BF4B-00C04F79EFBC}") = "Walterlv.CloudInputMethod.WebApi", "Walterlv.CloudInputMethod.WebApi\Walterlv.CloudInputMethod.WebApi.csproj", "{2BACCC17-469A-43C8-A86C-1D0579B26566}"
EndProject
Global
	GlobalSection(SolutionConfigurationPlatforms) = preSolution
		Ad-Hoc|Any CPU = Ad-Hoc|Any CPU
		Ad-Hoc|ARM = Ad-Hoc|ARM
		Ad-Hoc|iPhone = Ad-Hoc|iPhone
		Ad-Hoc|iPhoneSimulator = Ad-Hoc|iPhoneSimulator
		Ad-Hoc|x64 = Ad-Hoc|x64
		Ad-Hoc|x86 = Ad-Hoc|x86
		AppStore|Any CPU = AppStore|Any CPU
		AppStore|ARM = AppStore|ARM
		AppStore|iPhone = AppStore|iPhone
		AppStore|iPhoneSimulator = AppStore|iPhoneSimulator
		AppStore|x64 = AppStore|x64
		AppStore|x86 = AppStore|x86
		Debug|Any CPU = Debug|Any CPU
		Debug|ARM = Debug|ARM
		Debug|iPhone = Debug|iPhone
		Debug|iPhoneSimulator = Debug|iPhoneSimulator
		Debug|x64 = Debug|x64
		Debug|x86 = Debug|x86
		Release|Any CPU = Release|Any CPU
		Release|ARM = Release|ARM
		Release|iPhone = Release|iPhone
		Release|iPhoneSimulator = Release|iPhoneSimulator
		Release|x64 = Release|x64
		Release|x86 = Release|x86
	EndGlobalSection
	GlobalSection(ProjectConfigurationPlatforms) = postSolution
		{37E17A3C-011B-4B49-8EF3-9A4BE07CB7BA}.Ad-Hoc|Any CPU.ActiveCfg = Release|Any CPU
		{37E17A3C-011B-4B49-8EF3-9A4BE07CB7BA}.Ad-Hoc|Any CPU.Build.0 = Release|Any CPU
		{37E17A3C-011B-4B49-8EF3-9A4BE07CB7BA}.Ad-Hoc|Any CPU.Deploy.0 = Release|Any CPU
		{37E17A3C-011B-4B49-8EF3-9A4BE07CB7BA}.Ad-Hoc|ARM.ActiveCfg = Release|Any CPU
		{37E17A3C-011B-4B49-8EF3-9A4BE07CB7BA}.Ad-Hoc|ARM.Build.0 = Release|Any CPU
		{37E17A3C-011B-4B49-8EF3-9A4BE07CB7BA}.Ad-Hoc|ARM.Deploy.0 = Release|Any CPU
		{37E17A3C-011B-4B49-8EF3-9A4BE07CB7BA}.Ad-Hoc|iPhone.ActiveCfg = Release|Any CPU
		{37E17A3C-011B-4B49-8EF3-9A4BE07CB7BA}.Ad-Hoc|iPhone.Build.0 = Release|Any CPU
		{37E17A3C-011B-4B49-8EF3-9A4BE07CB7BA}.Ad-Hoc|iPhone.Deploy.0 = Release|Any CPU
		{37E17A3C-011B-4B49-8EF3-9A4BE07CB7BA}.Ad-Hoc|iPhoneSimulator.ActiveCfg = Release|Any CPU
		{37E17A3C-011B-4B49-8EF3-9A4BE07CB7BA}.Ad-Hoc|iPhoneSimulator.Build.0 = Release|Any CPU
		{37E17A3C-011B-4B49-8EF3-9A4BE07CB7BA}.Ad-Hoc|iPhoneSimulator.Deploy.0 = Release|Any CPU
		{37E17A3C-011B-4B49-8EF3-9A4BE07CB7BA}.Ad-Hoc|x64.ActiveCfg = Release|Any CPU
		{37E17A3C-011B-4B49-8EF3-9A4BE07CB7BA}.Ad-Hoc|x64.Build.0 = Release|Any CPU
		{37E17A3C-011B-4B49-8EF3-9A4BE07CB7BA}.Ad-Hoc|x64.Deploy.0 = Release|Any CPU
		{37E17A3C-011B-4B49-8EF3-9A4BE07CB7BA}.Ad-Hoc|x86.ActiveCfg = Release|Any CPU
		{37E17A3C-011B-4B49-8EF3-9A4BE07CB7BA}.Ad-Hoc|x86.Build.0 = Release|Any CPU
		{37E17A3C-011B-4B49-8EF3-9A4BE07CB7BA}.Ad-Hoc|x86.Deploy.0 = Release|Any CPU
		{37E17A3C-011B-4B49-8EF3-9A4BE07CB7BA}.AppStore|Any CPU.ActiveCfg = Release|Any CPU
		{37E17A3C-011B-4B49-8EF3-9A4BE07CB7BA}.AppStore|Any CPU.Build.0 = Release|Any CPU
		{37E17A3C-011B-4B49-8EF3-9A4BE07CB7BA}.AppStore|Any CPU.Deploy.0 = Release|Any CPU
		{37E17A3C-011B-4B49-8EF3-9A4BE07CB7BA}.AppStore|ARM.ActiveCfg = Release|Any CPU
		{37E17A3C-011B-4B49-8EF3-9A4BE07CB7BA}.AppStore|ARM.Build.0 = Release|Any CPU
		{37E17A3C-011B-4B49-8EF3-9A4BE07CB7BA}.AppStore|ARM.Deploy.0 = Release|Any CPU
		{37E17A3C-011B-4B49-8EF3-9A4BE07CB7BA}.AppStore|iPhone.ActiveCfg = Release|Any CPU
		{37E17A3C-011B-4B49-8EF3-9A4BE07CB7BA}.AppStore|iPhone.Build.0 = Release|Any CPU
		{37E17A3C-011B-4B49-8EF3-9A4BE07CB7BA}.AppStore|iPhone.Deploy.0 = Release|Any CPU
		{37E17A3C-011B-4B49-8EF3-9A4BE07CB7BA}.AppStore|iPhoneSimulator.ActiveCfg = Release|Any CPU
		{37E17A3C-011B-4B49-8EF3-9A4BE07CB7BA}.AppStore|iPhoneSimulator.Build.0 = Release|Any CPU
		{37E17A3C-011B-4B49-8EF3-9A4BE07CB7BA}.AppStore|iPhoneSimulator.Deploy.0 = Release|Any CPU
		{37E17A3C-011B-4B49-8EF3-9A4BE07CB7BA}.AppStore|x64.ActiveCfg = Release|Any CPU
		{37E17A3C-011B-4B49-8EF3-9A4BE07CB7BA}.AppStore|x64.Build.0 = Release|Any CPU
		{37E17A3C-011B-4B49-8EF3-9A4BE07CB7BA}.AppStore|x64.Deploy.0 = Release|Any CPU
		{37E17A3C-011B-4B49-8EF3-9A4BE07CB7BA}.AppStore|x86.ActiveCfg = Release|Any CPU
		{37E17A3C-011B-4B49-8EF3-9A4BE07CB7BA}.AppStore|x86.Build.0 = Release|Any CPU
		{37E17A3C-011B-4B49-8EF3-9A4BE07CB7BA}.AppStore|x86.Deploy.0 = Release|Any CPU
		{37E17A3C-011B-4B49-8EF3-9A4BE07CB7BA}.Debug|Any CPU.ActiveCfg = Debug|Any CPU
		{37E17A3C-011B-4B49-8EF3-9A4BE07CB7BA}.Debug|Any CPU.Build.0 = Debug|Any CPU
		{37E17A3C-011B-4B49-8EF3-9A4BE07CB7BA}.Debug|Any CPU.Deploy.0 = Debug|Any CPU
		{37E17A3C-011B-4B49-8EF3-9A4BE07CB7BA}.Debug|ARM.ActiveCfg = Debug|Any CPU
		{37E17A3C-011B-4B49-8EF3-9A4BE07CB7BA}.Debug|ARM.Build.0 = Debug|Any CPU
		{37E17A3C-011B-4B49-8EF3-9A4BE07CB7BA}.Debug|ARM.Deploy.0 = Debug|Any CPU
		{37E17A3C-011B-4B49-8EF3-9A4BE07CB7BA}.Debug|iPhone.ActiveCfg = Debug|Any CPU
		{37E17A3C-011B-4B49-8EF3-9A4BE07CB7BA}.Debug|iPhone.Build.0 = Debug|Any CPU
		{37E17A3C-011B-4B49-8EF3-9A4BE07CB7BA}.Debug|iPhone.Deploy.0 = Debug|Any CPU
		{37E17A3C-011B-4B49-8EF3-9A4BE07CB7BA}.Debug|iPhoneSimulator.ActiveCfg = Debug|Any CPU
		{37E17A3C-011B-4B49-8EF3-9A4BE07CB7BA}.Debug|iPhoneSimulator.Build.0 = Debug|Any CPU
		{37E17A3C-011B-4B49-8EF3-9A4BE07CB7BA}.Debug|iPhoneSimulator.Deploy.0 = Debug|Any CPU
		{37E17A3C-011B-4B49-8EF3-9A4BE07CB7BA}.Debug|x64.ActiveCfg = Debug|Any CPU
		{37E17A3C-011B-4B49-8EF3-9A4BE07CB7BA}.Debug|x64.Build.0 = Debug|Any CPU
		{37E17A3C-011B-4B49-8EF3-9A4BE07CB7BA}.Debug|x64.Deploy.0 = Debug|Any CPU
		{37E17A3C-011B-4B49-8EF3-9A4BE07CB7BA}.Debug|x86.ActiveCfg = Debug|Any CPU
		{37E17A3C-011B-4B49-8EF3-9A4BE07CB7BA}.Debug|x86.Build.0 = Debug|Any CPU
		{37E17A3C-011B-4B49-8EF3-9A4BE07CB7BA}.Debug|x86.Deploy.0 = Debug|Any CPU
		{37E17A3C-011B-4B49-8EF3-9A4BE07CB7BA}.Release|Any CPU.ActiveCfg = Release|Any CPU
		{37E17A3C-011B-4B49-8EF3-9A4BE07CB7BA}.Release|Any CPU.Build.0 = Release|Any CPU
		{37E17A3C-011B-4B49-8EF3-9A4BE07CB7BA}.Release|Any CPU.Deploy.0 = Release|Any CPU
		{37E17A3C-011B-4B49-8EF3-9A4BE07CB7BA}.Release|ARM.ActiveCfg = Release|Any CPU
		{37E17A3C-011B-4B49-8EF3-9A4BE07CB7BA}.Release|ARM.Build.0 = Release|Any CPU
		{37E17A3C-011B-4B49-8EF3-9A4BE07CB7BA}.Release|ARM.Deploy.0 = Release|Any CPU
		{37E17A3C-011B-4B49-8EF3-9A4BE07CB7BA}.Release|iPhone.ActiveCfg = Release|Any CPU
		{37E17A3C-011B-4B49-8EF3-9A4BE07CB7BA}.Release|iPhone.Build.0 = Release|Any CPU
		{37E17A3C-011B-4B49-8EF3-9A4BE07CB7BA}.Release|iPhone.Deploy.0 = Release|Any CPU
		{37E17A3C-011B-4B49-8EF3-9A4BE07CB7BA}.Release|iPhoneSimulator.ActiveCfg = Release|Any CPU
		{37E17A3C-011B-4B49-8EF3-9A4BE07CB7BA}.Release|iPhoneSimulator.Build.0 = Release|Any CPU
		{37E17A3C-011B-4B49-8EF3-9A4BE07CB7BA}.Release|iPhoneSimulator.Deploy.0 = Release|Any CPU
		{37E17A3C-011B-4B49-8EF3-9A4BE07CB7BA}.Release|x64.ActiveCfg = Release|Any CPU
		{37E17A3C-011B-4B49-8EF3-9A4BE07CB7BA}.Release|x64.Build.0 = Release|Any CPU
		{37E17A3C-011B-4B49-8EF3-9A4BE07CB7BA}.Release|x64.Deploy.0 = Release|Any CPU
		{37E17A3C-011B-4B49-8EF3-9A4BE07CB7BA}.Release|x86.ActiveCfg = Release|Any CPU
		{37E17A3C-011B-4B49-8EF3-9A4BE07CB7BA}.Release|x86.Build.0 = Release|Any CPU
		{37E17A3C-011B-4B49-8EF3-9A4BE07CB7BA}.Release|x86.Deploy.0 = Release|Any CPU
		{71581C82-3765-40B3-99E1-000B62B9DFAF}.Ad-Hoc|Any CPU.ActiveCfg = Ad-Hoc|iPhone
		{71581C82-3765-40B3-99E1-000B62B9DFAF}.Ad-Hoc|Any CPU.Build.0 = Ad-Hoc|iPhone
		{71581C82-3765-40B3-99E1-000B62B9DFAF}.Ad-Hoc|Any CPU.Deploy.0 = Ad-Hoc|iPhone
		{71581C82-3765-40B3-99E1-000B62B9DFAF}.Ad-Hoc|ARM.ActiveCfg = Ad-Hoc|iPhone
		{71581C82-3765-40B3-99E1-000B62B9DFAF}.Ad-Hoc|ARM.Build.0 = Ad-Hoc|iPhone
		{71581C82-3765-40B3-99E1-000B62B9DFAF}.Ad-Hoc|ARM.Deploy.0 = Ad-Hoc|iPhone
		{71581C82-3765-40B3-99E1-000B62B9DFAF}.Ad-Hoc|iPhone.ActiveCfg = Ad-Hoc|iPhone
		{71581C82-3765-40B3-99E1-000B62B9DFAF}.Ad-Hoc|iPhone.Build.0 = Ad-Hoc|iPhone
		{71581C82-3765-40B3-99E1-000B62B9DFAF}.Ad-Hoc|iPhone.Deploy.0 = Ad-Hoc|iPhone
		{71581C82-3765-40B3-99E1-000B62B9DFAF}.Ad-Hoc|iPhoneSimulator.ActiveCfg = Ad-Hoc|iPhoneSimulator
		{71581C82-3765-40B3-99E1-000B62B9DFAF}.Ad-Hoc|iPhoneSimulator.Build.0 = Ad-Hoc|iPhoneSimulator
		{71581C82-3765-40B3-99E1-000B62B9DFAF}.Ad-Hoc|iPhoneSimulator.Deploy.0 = Ad-Hoc|iPhoneSimulator
		{71581C82-3765-40B3-99E1-000B62B9DFAF}.Ad-Hoc|x64.ActiveCfg = Ad-Hoc|iPhone
		{71581C82-3765-40B3-99E1-000B62B9DFAF}.Ad-Hoc|x64.Build.0 = Ad-Hoc|iPhone
		{71581C82-3765-40B3-99E1-000B62B9DFAF}.Ad-Hoc|x64.Deploy.0 = Ad-Hoc|iPhone
		{71581C82-3765-40B3-99E1-000B62B9DFAF}.Ad-Hoc|x86.ActiveCfg = Ad-Hoc|iPhone
		{71581C82-3765-40B3-99E1-000B62B9DFAF}.Ad-Hoc|x86.Build.0 = Ad-Hoc|iPhone
		{71581C82-3765-40B3-99E1-000B62B9DFAF}.Ad-Hoc|x86.Deploy.0 = Ad-Hoc|iPhone
		{71581C82-3765-40B3-99E1-000B62B9DFAF}.AppStore|Any CPU.ActiveCfg = AppStore|iPhone
		{71581C82-3765-40B3-99E1-000B62B9DFAF}.AppStore|Any CPU.Build.0 = AppStore|iPhone
		{71581C82-3765-40B3-99E1-000B62B9DFAF}.AppStore|Any CPU.Deploy.0 = AppStore|iPhone
		{71581C82-3765-40B3-99E1-000B62B9DFAF}.AppStore|ARM.ActiveCfg = AppStore|iPhone
		{71581C82-3765-40B3-99E1-000B62B9DFAF}.AppStore|ARM.Build.0 = AppStore|iPhone
		{71581C82-3765-40B3-99E1-000B62B9DFAF}.AppStore|ARM.Deploy.0 = AppStore|iPhone
		{71581C82-3765-40B3-99E1-000B62B9DFAF}.AppStore|iPhone.ActiveCfg = AppStore|iPhone
		{71581C82-3765-40B3-99E1-000B62B9DFAF}.AppStore|iPhone.Build.0 = AppStore|iPhone
		{71581C82-3765-40B3-99E1-000B62B9DFAF}.AppStore|iPhone.Deploy.0 = AppStore|iPhone
		{71581C82-3765-40B3-99E1-000B62B9DFAF}.AppStore|iPhoneSimulator.ActiveCfg = AppStore|iPhoneSimulator
		{71581C82-3765-40B3-99E1-000B62B9DFAF}.AppStore|iPhoneSimulator.Build.0 = AppStore|iPhoneSimulator
		{71581C82-3765-40B3-99E1-000B62B9DFAF}.AppStore|iPhoneSimulator.Deploy.0 = AppStore|iPhoneSimulator
		{71581C82-3765-40B3-99E1-000B62B9DFAF}.AppStore|x64.ActiveCfg = AppStore|iPhone
		{71581C82-3765-40B3-99E1-000B62B9DFAF}.AppStore|x64.Build.0 = AppStore|iPhone
		{71581C82-3765-40B3-99E1-000B62B9DFAF}.AppStore|x64.Deploy.0 = AppStore|iPhone
		{71581C82-3765-40B3-99E1-000B62B9DFAF}.AppStore|x86.ActiveCfg = AppStore|iPhone
		{71581C82-3765-40B3-99E1-000B62B9DFAF}.AppStore|x86.Build.0 = AppStore|iPhone
		{71581C82-3765-40B3-99E1-000B62B9DFAF}.AppStore|x86.Deploy.0 = AppStore|iPhone
		{71581C82-3765-40B3-99E1-000B62B9DFAF}.Debug|Any CPU.ActiveCfg = Debug|iPhoneSimulator
		{71581C82-3765-40B3-99E1-000B62B9DFAF}.Debug|Any CPU.Build.0 = Debug|iPhoneSimulator
		{71581C82-3765-40B3-99E1-000B62B9DFAF}.Debug|Any CPU.Deploy.0 = Debug|iPhoneSimulator
		{71581C82-3765-40B3-99E1-000B62B9DFAF}.Debug|ARM.ActiveCfg = Debug|iPhone
		{71581C82-3765-40B3-99E1-000B62B9DFAF}.Debug|ARM.Build.0 = Debug|iPhone
		{71581C82-3765-40B3-99E1-000B62B9DFAF}.Debug|ARM.Deploy.0 = Debug|iPhone
		{71581C82-3765-40B3-99E1-000B62B9DFAF}.Debug|iPhone.ActiveCfg = Debug|iPhone
		{71581C82-3765-40B3-99E1-000B62B9DFAF}.Debug|iPhone.Build.0 = Debug|iPhone
		{71581C82-3765-40B3-99E1-000B62B9DFAF}.Debug|iPhone.Deploy.0 = Debug|iPhone
		{71581C82-3765-40B3-99E1-000B62B9DFAF}.Debug|iPhoneSimulator.ActiveCfg = Debug|iPhoneSimulator
		{71581C82-3765-40B3-99E1-000B62B9DFAF}.Debug|iPhoneSimulator.Build.0 = Debug|iPhoneSimulator
		{71581C82-3765-40B3-99E1-000B62B9DFAF}.Debug|iPhoneSimulator.Deploy.0 = Debug|iPhoneSimulator
		{71581C82-3765-40B3-99E1-000B62B9DFAF}.Debug|x64.ActiveCfg = Debug|iPhone
		{71581C82-3765-40B3-99E1-000B62B9DFAF}.Debug|x64.Build.0 = Debug|iPhone
		{71581C82-3765-40B3-99E1-000B62B9DFAF}.Debug|x64.Deploy.0 = Debug|iPhone
		{71581C82-3765-40B3-99E1-000B62B9DFAF}.Debug|x86.ActiveCfg = Debug|iPhone
		{71581C82-3765-40B3-99E1-000B62B9DFAF}.Debug|x86.Build.0 = Debug|iPhone
		{71581C82-3765-40B3-99E1-000B62B9DFAF}.Debug|x86.Deploy.0 = Debug|iPhone
		{71581C82-3765-40B3-99E1-000B62B9DFAF}.Release|Any CPU.ActiveCfg = Release|iPhone
		{71581C82-3765-40B3-99E1-000B62B9DFAF}.Release|Any CPU.Build.0 = Release|iPhone
		{71581C82-3765-40B3-99E1-000B62B9DFAF}.Release|Any CPU.Deploy.0 = Release|iPhone
		{71581C82-3765-40B3-99E1-000B62B9DFAF}.Release|ARM.ActiveCfg = Release|iPhone
		{71581C82-3765-40B3-99E1-000B62B9DFAF}.Release|ARM.Build.0 = Release|iPhone
		{71581C82-3765-40B3-99E1-000B62B9DFAF}.Release|ARM.Deploy.0 = Release|iPhone
		{71581C82-3765-40B3-99E1-000B62B9DFAF}.Release|iPhone.ActiveCfg = Release|iPhone
		{71581C82-3765-40B3-99E1-000B62B9DFAF}.Release|iPhone.Build.0 = Release|iPhone
		{71581C82-3765-40B3-99E1-000B62B9DFAF}.Release|iPhone.Deploy.0 = Release|iPhone
		{71581C82-3765-40B3-99E1-000B62B9DFAF}.Release|iPhoneSimulator.ActiveCfg = Release|iPhoneSimulator
		{71581C82-3765-40B3-99E1-000B62B9DFAF}.Release|iPhoneSimulator.Build.0 = Release|iPhoneSimulator
		{71581C82-3765-40B3-99E1-000B62B9DFAF}.Release|iPhoneSimulator.Deploy.0 = Release|iPhoneSimulator
		{71581C82-3765-40B3-99E1-000B62B9DFAF}.Release|x64.ActiveCfg = Release|iPhone
		{71581C82-3765-40B3-99E1-000B62B9DFAF}.Release|x64.Build.0 = Release|iPhone
		{71581C82-3765-40B3-99E1-000B62B9DFAF}.Release|x64.Deploy.0 = Release|iPhone
		{71581C82-3765-40B3-99E1-000B62B9DFAF}.Release|x86.ActiveCfg = Release|iPhone
		{71581C82-3765-40B3-99E1-000B62B9DFAF}.Release|x86.Build.0 = Release|iPhone
		{71581C82-3765-40B3-99E1-000B62B9DFAF}.Release|x86.Deploy.0 = Release|iPhone
		{BA0F620B-6C43-485D-90BE-8809BB3FEE24}.Ad-Hoc|Any CPU.ActiveCfg = Release|x86
		{BA0F620B-6C43-485D-90BE-8809BB3FEE24}.Ad-Hoc|Any CPU.Build.0 = Release|x86
		{BA0F620B-6C43-485D-90BE-8809BB3FEE24}.Ad-Hoc|Any CPU.Deploy.0 = Release|x86
		{BA0F620B-6C43-485D-90BE-8809BB3FEE24}.Ad-Hoc|ARM.ActiveCfg = Release|ARM
		{BA0F620B-6C43-485D-90BE-8809BB3FEE24}.Ad-Hoc|ARM.Build.0 = Release|ARM
		{BA0F620B-6C43-485D-90BE-8809BB3FEE24}.Ad-Hoc|ARM.Deploy.0 = Release|ARM
		{BA0F620B-6C43-485D-90BE-8809BB3FEE24}.Ad-Hoc|iPhone.ActiveCfg = Release|x86
		{BA0F620B-6C43-485D-90BE-8809BB3FEE24}.Ad-Hoc|iPhone.Build.0 = Release|x86
		{BA0F620B-6C43-485D-90BE-8809BB3FEE24}.Ad-Hoc|iPhone.Deploy.0 = Release|x86
		{BA0F620B-6C43-485D-90BE-8809BB3FEE24}.Ad-Hoc|iPhoneSimulator.ActiveCfg = Release|x86
		{BA0F620B-6C43-485D-90BE-8809BB3FEE24}.Ad-Hoc|iPhoneSimulator.Build.0 = Release|x86
		{BA0F620B-6C43-485D-90BE-8809BB3FEE24}.Ad-Hoc|iPhoneSimulator.Deploy.0 = Release|x86
		{BA0F620B-6C43-485D-90BE-8809BB3FEE24}.Ad-Hoc|x64.ActiveCfg = Release|x64
		{BA0F620B-6C43-485D-90BE-8809BB3FEE24}.Ad-Hoc|x64.Build.0 = Release|x64
		{BA0F620B-6C43-485D-90BE-8809BB3FEE24}.Ad-Hoc|x64.Deploy.0 = Release|x64
		{BA0F620B-6C43-485D-90BE-8809BB3FEE24}.Ad-Hoc|x86.ActiveCfg = Release|x86
		{BA0F620B-6C43-485D-90BE-8809BB3FEE24}.Ad-Hoc|x86.Build.0 = Release|x86
		{BA0F620B-6C43-485D-90BE-8809BB3FEE24}.Ad-Hoc|x86.Deploy.0 = Release|x86
		{BA0F620B-6C43-485D-90BE-8809BB3FEE24}.AppStore|Any CPU.ActiveCfg = Release|x86
		{BA0F620B-6C43-485D-90BE-8809BB3FEE24}.AppStore|Any CPU.Build.0 = Release|x86
		{BA0F620B-6C43-485D-90BE-8809BB3FEE24}.AppStore|Any CPU.Deploy.0 = Release|x86
		{BA0F620B-6C43-485D-90BE-8809BB3FEE24}.AppStore|ARM.ActiveCfg = Release|ARM
		{BA0F620B-6C43-485D-90BE-8809BB3FEE24}.AppStore|ARM.Build.0 = Release|ARM
		{BA0F620B-6C43-485D-90BE-8809BB3FEE24}.AppStore|ARM.Deploy.0 = Release|ARM
		{BA0F620B-6C43-485D-90BE-8809BB3FEE24}.AppStore|iPhone.ActiveCfg = Release|x86
		{BA0F620B-6C43-485D-90BE-8809BB3FEE24}.AppStore|iPhone.Build.0 = Release|x86
		{BA0F620B-6C43-485D-90BE-8809BB3FEE24}.AppStore|iPhone.Deploy.0 = Release|x86
		{BA0F620B-6C43-485D-90BE-8809BB3FEE24}.AppStore|iPhoneSimulator.ActiveCfg = Release|x86
		{BA0F620B-6C43-485D-90BE-8809BB3FEE24}.AppStore|iPhoneSimulator.Build.0 = Release|x86
		{BA0F620B-6C43-485D-90BE-8809BB3FEE24}.AppStore|iPhoneSimulator.Deploy.0 = Release|x86
		{BA0F620B-6C43-485D-90BE-8809BB3FEE24}.AppStore|x64.ActiveCfg = Release|x64
		{BA0F620B-6C43-485D-90BE-8809BB3FEE24}.AppStore|x64.Build.0 = Release|x64
		{BA0F620B-6C43-485D-90BE-8809BB3FEE24}.AppStore|x64.Deploy.0 = Release|x64
		{BA0F620B-6C43-485D-90BE-8809BB3FEE24}.AppStore|x86.ActiveCfg = Release|x86
		{BA0F620B-6C43-485D-90BE-8809BB3FEE24}.AppStore|x86.Build.0 = Release|x86
		{BA0F620B-6C43-485D-90BE-8809BB3FEE24}.AppStore|x86.Deploy.0 = Release|x86
		{BA0F620B-6C43-485D-90BE-8809BB3FEE24}.Debug|Any CPU.ActiveCfg = Debug|x86
		{BA0F620B-6C43-485D-90BE-8809BB3FEE24}.Debug|Any CPU.Build.0 = Debug|x86
		{BA0F620B-6C43-485D-90BE-8809BB3FEE24}.Debug|Any CPU.Deploy.0 = Debug|x86
		{BA0F620B-6C43-485D-90BE-8809BB3FEE24}.Debug|ARM.ActiveCfg = Debug|ARM
		{BA0F620B-6C43-485D-90BE-8809BB3FEE24}.Debug|ARM.Build.0 = Debug|ARM
		{BA0F620B-6C43-485D-90BE-8809BB3FEE24}.Debug|ARM.Deploy.0 = Debug|ARM
		{BA0F620B-6C43-485D-90BE-8809BB3FEE24}.Debug|iPhone.ActiveCfg = Debug|x86
		{BA0F620B-6C43-485D-90BE-8809BB3FEE24}.Debug|iPhone.Build.0 = Debug|x86
		{BA0F620B-6C43-485D-90BE-8809BB3FEE24}.Debug|iPhone.Deploy.0 = Debug|x86
		{BA0F620B-6C43-485D-90BE-8809BB3FEE24}.Debug|iPhoneSimulator.ActiveCfg = Debug|x86
		{BA0F620B-6C43-485D-90BE-8809BB3FEE24}.Debug|iPhoneSimulator.Build.0 = Debug|x86
		{BA0F620B-6C43-485D-90BE-8809BB3FEE24}.Debug|iPhoneSimulator.Deploy.0 = Debug|x86
		{BA0F620B-6C43-485D-90BE-8809BB3FEE24}.Debug|x64.ActiveCfg = Debug|x64
		{BA0F620B-6C43-485D-90BE-8809BB3FEE24}.Debug|x64.Build.0 = Debug|x64
		{BA0F620B-6C43-485D-90BE-8809BB3FEE24}.Debug|x64.Deploy.0 = Debug|x64
		{BA0F620B-6C43-485D-90BE-8809BB3FEE24}.Debug|x86.ActiveCfg = Debug|x86
		{BA0F620B-6C43-485D-90BE-8809BB3FEE24}.Debug|x86.Build.0 = Debug|x86
		{BA0F620B-6C43-485D-90BE-8809BB3FEE24}.Debug|x86.Deploy.0 = Debug|x86
		{BA0F620B-6C43-485D-90BE-8809BB3FEE24}.Release|Any CPU.ActiveCfg = Release|x86
		{BA0F620B-6C43-485D-90BE-8809BB3FEE24}.Release|Any CPU.Build.0 = Release|x86
		{BA0F620B-6C43-485D-90BE-8809BB3FEE24}.Release|Any CPU.Deploy.0 = Release|x86
		{BA0F620B-6C43-485D-90BE-8809BB3FEE24}.Release|ARM.ActiveCfg = Release|ARM
		{BA0F620B-6C43-485D-90BE-8809BB3FEE24}.Release|ARM.Build.0 = Release|ARM
		{BA0F620B-6C43-485D-90BE-8809BB3FEE24}.Release|ARM.Deploy.0 = Release|ARM
		{BA0F620B-6C43-485D-90BE-8809BB3FEE24}.Release|iPhone.ActiveCfg = Release|x86
		{BA0F620B-6C43-485D-90BE-8809BB3FEE24}.Release|iPhone.Build.0 = Release|x86
		{BA0F620B-6C43-485D-90BE-8809BB3FEE24}.Release|iPhone.Deploy.0 = Release|x86
		{BA0F620B-6C43-485D-90BE-8809BB3FEE24}.Release|iPhoneSimulator.ActiveCfg = Release|x86
		{BA0F620B-6C43-485D-90BE-8809BB3FEE24}.Release|iPhoneSimulator.Build.0 = Release|x86
		{BA0F620B-6C43-485D-90BE-8809BB3FEE24}.Release|iPhoneSimulator.Deploy.0 = Release|x86
		{BA0F620B-6C43-485D-90BE-8809BB3FEE24}.Release|x64.ActiveCfg = Release|x64
		{BA0F620B-6C43-485D-90BE-8809BB3FEE24}.Release|x64.Build.0 = Release|x64
		{BA0F620B-6C43-485D-90BE-8809BB3FEE24}.Release|x64.Deploy.0 = Release|x64
		{BA0F620B-6C43-485D-90BE-8809BB3FEE24}.Release|x86.ActiveCfg = Release|x86
		{BA0F620B-6C43-485D-90BE-8809BB3FEE24}.Release|x86.Build.0 = Release|x86
		{BA0F620B-6C43-485D-90BE-8809BB3FEE24}.Release|x86.Deploy.0 = Release|x86
		{BF71F20A-3927-4E19-AAD0-70D7E6602DBA}.Ad-Hoc|Any CPU.ActiveCfg = Debug|Any CPU
		{BF71F20A-3927-4E19-AAD0-70D7E6602DBA}.Ad-Hoc|Any CPU.Build.0 = Debug|Any CPU
		{BF71F20A-3927-4E19-AAD0-70D7E6602DBA}.Ad-Hoc|Any CPU.Deploy.0 = Debug|Any CPU
		{BF71F20A-3927-4E19-AAD0-70D7E6602DBA}.Ad-Hoc|ARM.ActiveCfg = Debug|Any CPU
		{BF71F20A-3927-4E19-AAD0-70D7E6602DBA}.Ad-Hoc|ARM.Build.0 = Debug|Any CPU
		{BF71F20A-3927-4E19-AAD0-70D7E6602DBA}.Ad-Hoc|ARM.Deploy.0 = Debug|Any CPU
		{BF71F20A-3927-4E19-AAD0-70D7E6602DBA}.Ad-Hoc|iPhone.ActiveCfg = Debug|Any CPU
		{BF71F20A-3927-4E19-AAD0-70D7E6602DBA}.Ad-Hoc|iPhone.Build.0 = Debug|Any CPU
		{BF71F20A-3927-4E19-AAD0-70D7E6602DBA}.Ad-Hoc|iPhone.Deploy.0 = Debug|Any CPU
		{BF71F20A-3927-4E19-AAD0-70D7E6602DBA}.Ad-Hoc|iPhoneSimulator.ActiveCfg = Debug|Any CPU
		{BF71F20A-3927-4E19-AAD0-70D7E6602DBA}.Ad-Hoc|iPhoneSimulator.Build.0 = Debug|Any CPU
		{BF71F20A-3927-4E19-AAD0-70D7E6602DBA}.Ad-Hoc|iPhoneSimulator.Deploy.0 = Debug|Any CPU
		{BF71F20A-3927-4E19-AAD0-70D7E6602DBA}.Ad-Hoc|x64.ActiveCfg = Debug|Any CPU
		{BF71F20A-3927-4E19-AAD0-70D7E6602DBA}.Ad-Hoc|x64.Build.0 = Debug|Any CPU
		{BF71F20A-3927-4E19-AAD0-70D7E6602DBA}.Ad-Hoc|x64.Deploy.0 = Debug|Any CPU
		{BF71F20A-3927-4E19-AAD0-70D7E6602DBA}.Ad-Hoc|x86.ActiveCfg = Debug|Any CPU
		{BF71F20A-3927-4E19-AAD0-70D7E6602DBA}.Ad-Hoc|x86.Build.0 = Debug|Any CPU
		{BF71F20A-3927-4E19-AAD0-70D7E6602DBA}.Ad-Hoc|x86.Deploy.0 = Debug|Any CPU
		{BF71F20A-3927-4E19-AAD0-70D7E6602DBA}.AppStore|Any CPU.ActiveCfg = Debug|Any CPU
		{BF71F20A-3927-4E19-AAD0-70D7E6602DBA}.AppStore|Any CPU.Build.0 = Debug|Any CPU
		{BF71F20A-3927-4E19-AAD0-70D7E6602DBA}.AppStore|Any CPU.Deploy.0 = Debug|Any CPU
		{BF71F20A-3927-4E19-AAD0-70D7E6602DBA}.AppStore|ARM.ActiveCfg = Debug|Any CPU
		{BF71F20A-3927-4E19-AAD0-70D7E6602DBA}.AppStore|ARM.Build.0 = Debug|Any CPU
		{BF71F20A-3927-4E19-AAD0-70D7E6602DBA}.AppStore|ARM.Deploy.0 = Debug|Any CPU
		{BF71F20A-3927-4E19-AAD0-70D7E6602DBA}.AppStore|iPhone.ActiveCfg = Debug|Any CPU
		{BF71F20A-3927-4E19-AAD0-70D7E6602DBA}.AppStore|iPhone.Build.0 = Debug|Any CPU
		{BF71F20A-3927-4E19-AAD0-70D7E6602DBA}.AppStore|iPhone.Deploy.0 = Debug|Any CPU
		{BF71F20A-3927-4E19-AAD0-70D7E6602DBA}.AppStore|iPhoneSimulator.ActiveCfg = Debug|Any CPU
		{BF71F20A-3927-4E19-AAD0-70D7E6602DBA}.AppStore|iPhoneSimulator.Build.0 = Debug|Any CPU
		{BF71F20A-3927-4E19-AAD0-70D7E6602DBA}.AppStore|iPhoneSimulator.Deploy.0 = Debug|Any CPU
		{BF71F20A-3927-4E19-AAD0-70D7E6602DBA}.AppStore|x64.ActiveCfg = Debug|Any CPU
		{BF71F20A-3927-4E19-AAD0-70D7E6602DBA}.AppStore|x64.Build.0 = Debug|Any CPU
		{BF71F20A-3927-4E19-AAD0-70D7E6602DBA}.AppStore|x64.Deploy.0 = Debug|Any CPU
		{BF71F20A-3927-4E19-AAD0-70D7E6602DBA}.AppStore|x86.ActiveCfg = Debug|Any CPU
		{BF71F20A-3927-4E19-AAD0-70D7E6602DBA}.AppStore|x86.Build.0 = Debug|Any CPU
		{BF71F20A-3927-4E19-AAD0-70D7E6602DBA}.AppStore|x86.Deploy.0 = Debug|Any CPU
		{BF71F20A-3927-4E19-AAD0-70D7E6602DBA}.Debug|Any CPU.ActiveCfg = Debug|Any CPU
		{BF71F20A-3927-4E19-AAD0-70D7E6602DBA}.Debug|Any CPU.Build.0 = Debug|Any CPU
		{BF71F20A-3927-4E19-AAD0-70D7E6602DBA}.Debug|Any CPU.Deploy.0 = Debug|Any CPU
		{BF71F20A-3927-4E19-AAD0-70D7E6602DBA}.Debug|ARM.ActiveCfg = Debug|Any CPU
		{BF71F20A-3927-4E19-AAD0-70D7E6602DBA}.Debug|ARM.Build.0 = Debug|Any CPU
		{BF71F20A-3927-4E19-AAD0-70D7E6602DBA}.Debug|ARM.Deploy.0 = Debug|Any CPU
		{BF71F20A-3927-4E19-AAD0-70D7E6602DBA}.Debug|iPhone.ActiveCfg = Debug|Any CPU
		{BF71F20A-3927-4E19-AAD0-70D7E6602DBA}.Debug|iPhone.Build.0 = Debug|Any CPU
		{BF71F20A-3927-4E19-AAD0-70D7E6602DBA}.Debug|iPhone.Deploy.0 = Debug|Any CPU
		{BF71F20A-3927-4E19-AAD0-70D7E6602DBA}.Debug|iPhoneSimulator.ActiveCfg = Debug|Any CPU
		{BF71F20A-3927-4E19-AAD0-70D7E6602DBA}.Debug|iPhoneSimulator.Build.0 = Debug|Any CPU
		{BF71F20A-3927-4E19-AAD0-70D7E6602DBA}.Debug|iPhoneSimulator.Deploy.0 = Debug|Any CPU
		{BF71F20A-3927-4E19-AAD0-70D7E6602DBA}.Debug|x64.ActiveCfg = Debug|Any CPU
		{BF71F20A-3927-4E19-AAD0-70D7E6602DBA}.Debug|x64.Build.0 = Debug|Any CPU
		{BF71F20A-3927-4E19-AAD0-70D7E6602DBA}.Debug|x64.Deploy.0 = Debug|Any CPU
		{BF71F20A-3927-4E19-AAD0-70D7E6602DBA}.Debug|x86.ActiveCfg = Debug|Any CPU
		{BF71F20A-3927-4E19-AAD0-70D7E6602DBA}.Debug|x86.Build.0 = Debug|Any CPU
		{BF71F20A-3927-4E19-AAD0-70D7E6602DBA}.Debug|x86.Deploy.0 = Debug|Any CPU
		{BF71F20A-3927-4E19-AAD0-70D7E6602DBA}.Release|Any CPU.ActiveCfg = Release|Any CPU
		{BF71F20A-3927-4E19-AAD0-70D7E6602DBA}.Release|Any CPU.Build.0 = Release|Any CPU
		{BF71F20A-3927-4E19-AAD0-70D7E6602DBA}.Release|Any CPU.Deploy.0 = Release|Any CPU
		{BF71F20A-3927-4E19-AAD0-70D7E6602DBA}.Release|ARM.ActiveCfg = Release|Any CPU
		{BF71F20A-3927-4E19-AAD0-70D7E6602DBA}.Release|ARM.Build.0 = Release|Any CPU
		{BF71F20A-3927-4E19-AAD0-70D7E6602DBA}.Release|ARM.Deploy.0 = Release|Any CPU
		{BF71F20A-3927-4E19-AAD0-70D7E6602DBA}.Release|iPhone.ActiveCfg = Release|Any CPU
		{BF71F20A-3927-4E19-AAD0-70D7E6602DBA}.Release|iPhone.Build.0 = Release|Any CPU
		{BF71F20A-3927-4E19-AAD0-70D7E6602DBA}.Release|iPhone.Deploy.0 = Release|Any CPU
		{BF71F20A-3927-4E19-AAD0-70D7E6602DBA}.Release|iPhoneSimulator.ActiveCfg = Release|Any CPU
		{BF71F20A-3927-4E19-AAD0-70D7E6602DBA}.Release|iPhoneSimulator.Build.0 = Release|Any CPU
		{BF71F20A-3927-4E19-AAD0-70D7E6602DBA}.Release|iPhoneSimulator.Deploy.0 = Release|Any CPU
		{BF71F20A-3927-4E19-AAD0-70D7E6602DBA}.Release|x64.ActiveCfg = Release|Any CPU
		{BF71F20A-3927-4E19-AAD0-70D7E6602DBA}.Release|x64.Build.0 = Release|Any CPU
		{BF71F20A-3927-4E19-AAD0-70D7E6602DBA}.Release|x64.Deploy.0 = Release|Any CPU
		{BF71F20A-3927-4E19-AAD0-70D7E6602DBA}.Release|x86.ActiveCfg = Release|Any CPU
		{BF71F20A-3927-4E19-AAD0-70D7E6602DBA}.Release|x86.Build.0 = Release|Any CPU
		{BF71F20A-3927-4E19-AAD0-70D7E6602DBA}.Release|x86.Deploy.0 = Release|Any CPU
		{E4048311-836B-4542-84F1-40599C99C57C}.Ad-Hoc|Any CPU.ActiveCfg = Release|iPhone
		{E4048311-836B-4542-84F1-40599C99C57C}.Ad-Hoc|Any CPU.Build.0 = Release|iPhone
		{E4048311-836B-4542-84F1-40599C99C57C}.Ad-Hoc|ARM.ActiveCfg = Release|iPhone
		{E4048311-836B-4542-84F1-40599C99C57C}.Ad-Hoc|ARM.Build.0 = Release|iPhone
		{E4048311-836B-4542-84F1-40599C99C57C}.Ad-Hoc|iPhone.ActiveCfg = Release|iPhone
		{E4048311-836B-4542-84F1-40599C99C57C}.Ad-Hoc|iPhone.Build.0 = Release|iPhone
		{E4048311-836B-4542-84F1-40599C99C57C}.Ad-Hoc|iPhoneSimulator.ActiveCfg = Release|iPhoneSimulator
		{E4048311-836B-4542-84F1-40599C99C57C}.Ad-Hoc|iPhoneSimulator.Build.0 = Release|iPhoneSimulator
		{E4048311-836B-4542-84F1-40599C99C57C}.Ad-Hoc|x64.ActiveCfg = Release|iPhone
		{E4048311-836B-4542-84F1-40599C99C57C}.Ad-Hoc|x64.Build.0 = Release|iPhone
		{E4048311-836B-4542-84F1-40599C99C57C}.Ad-Hoc|x86.ActiveCfg = Release|iPhone
		{E4048311-836B-4542-84F1-40599C99C57C}.Ad-Hoc|x86.Build.0 = Release|iPhone
		{E4048311-836B-4542-84F1-40599C99C57C}.AppStore|Any CPU.ActiveCfg = Release|iPhone
		{E4048311-836B-4542-84F1-40599C99C57C}.AppStore|Any CPU.Build.0 = Release|iPhone
		{E4048311-836B-4542-84F1-40599C99C57C}.AppStore|ARM.ActiveCfg = Release|iPhone
		{E4048311-836B-4542-84F1-40599C99C57C}.AppStore|ARM.Build.0 = Release|iPhone
		{E4048311-836B-4542-84F1-40599C99C57C}.AppStore|iPhone.ActiveCfg = Release|iPhone
		{E4048311-836B-4542-84F1-40599C99C57C}.AppStore|iPhone.Build.0 = Release|iPhone
		{E4048311-836B-4542-84F1-40599C99C57C}.AppStore|iPhoneSimulator.ActiveCfg = Release|iPhoneSimulator
		{E4048311-836B-4542-84F1-40599C99C57C}.AppStore|iPhoneSimulator.Build.0 = Release|iPhoneSimulator
		{E4048311-836B-4542-84F1-40599C99C57C}.AppStore|x64.ActiveCfg = Release|iPhone
		{E4048311-836B-4542-84F1-40599C99C57C}.AppStore|x64.Build.0 = Release|iPhone
		{E4048311-836B-4542-84F1-40599C99C57C}.AppStore|x86.ActiveCfg = Release|iPhone
		{E4048311-836B-4542-84F1-40599C99C57C}.AppStore|x86.Build.0 = Release|iPhone
		{E4048311-836B-4542-84F1-40599C99C57C}.Debug|Any CPU.ActiveCfg = Debug|iPhone
		{E4048311-836B-4542-84F1-40599C99C57C}.Debug|ARM.ActiveCfg = Debug|iPhone
		{E4048311-836B-4542-84F1-40599C99C57C}.Debug|iPhone.ActiveCfg = Debug|iPhone
		{E4048311-836B-4542-84F1-40599C99C57C}.Debug|iPhone.Build.0 = Debug|iPhone
		{E4048311-836B-4542-84F1-40599C99C57C}.Debug|iPhoneSimulator.ActiveCfg = Debug|iPhoneSimulator
		{E4048311-836B-4542-84F1-40599C99C57C}.Debug|iPhoneSimulator.Build.0 = Debug|iPhoneSimulator
		{E4048311-836B-4542-84F1-40599C99C57C}.Debug|x64.ActiveCfg = Debug|iPhone
		{E4048311-836B-4542-84F1-40599C99C57C}.Debug|x86.ActiveCfg = Debug|iPhone
		{E4048311-836B-4542-84F1-40599C99C57C}.Release|Any CPU.ActiveCfg = Release|iPhone
		{E4048311-836B-4542-84F1-40599C99C57C}.Release|ARM.ActiveCfg = Release|iPhone
		{E4048311-836B-4542-84F1-40599C99C57C}.Release|iPhone.ActiveCfg = Release|iPhone
		{E4048311-836B-4542-84F1-40599C99C57C}.Release|iPhone.Build.0 = Release|iPhone
		{E4048311-836B-4542-84F1-40599C99C57C}.Release|iPhoneSimulator.ActiveCfg = Release|iPhoneSimulator
		{E4048311-836B-4542-84F1-40599C99C57C}.Release|iPhoneSimulator.Build.0 = Release|iPhoneSimulator
		{E4048311-836B-4542-84F1-40599C99C57C}.Release|x64.ActiveCfg = Release|iPhone
		{E4048311-836B-4542-84F1-40599C99C57C}.Release|x86.ActiveCfg = Release|iPhone
		{2BACCC17-469A-43C8-A86C-1D0579B26566}.Ad-Hoc|Any CPU.ActiveCfg = Debug|Any CPU
		{2BACCC17-469A-43C8-A86C-1D0579B26566}.Ad-Hoc|Any CPU.Build.0 = Debug|Any CPU
		{2BACCC17-469A-43C8-A86C-1D0579B26566}.Ad-Hoc|ARM.ActiveCfg = Debug|Any CPU
		{2BACCC17-469A-43C8-A86C-1D0579B26566}.Ad-Hoc|ARM.Build.0 = Debug|Any CPU
		{2BACCC17-469A-43C8-A86C-1D0579B26566}.Ad-Hoc|iPhone.ActiveCfg = Debug|Any CPU
		{2BACCC17-469A-43C8-A86C-1D0579B26566}.Ad-Hoc|iPhone.Build.0 = Debug|Any CPU
		{2BACCC17-469A-43C8-A86C-1D0579B26566}.Ad-Hoc|iPhoneSimulator.ActiveCfg = Debug|Any CPU
		{2BACCC17-469A-43C8-A86C-1D0579B26566}.Ad-Hoc|iPhoneSimulator.Build.0 = Debug|Any CPU
		{2BACCC17-469A-43C8-A86C-1D0579B26566}.Ad-Hoc|x64.ActiveCfg = Debug|Any CPU
		{2BACCC17-469A-43C8-A86C-1D0579B26566}.Ad-Hoc|x64.Build.0 = Debug|Any CPU
		{2BACCC17-469A-43C8-A86C-1D0579B26566}.Ad-Hoc|x86.ActiveCfg = Debug|Any CPU
		{2BACCC17-469A-43C8-A86C-1D0579B26566}.Ad-Hoc|x86.Build.0 = Debug|Any CPU
		{2BACCC17-469A-43C8-A86C-1D0579B26566}.AppStore|Any CPU.ActiveCfg = Debug|Any CPU
		{2BACCC17-469A-43C8-A86C-1D0579B26566}.AppStore|Any CPU.Build.0 = Debug|Any CPU
		{2BACCC17-469A-43C8-A86C-1D0579B26566}.AppStore|ARM.ActiveCfg = Debug|Any CPU
		{2BACCC17-469A-43C8-A86C-1D0579B26566}.AppStore|ARM.Build.0 = Debug|Any CPU
		{2BACCC17-469A-43C8-A86C-1D0579B26566}.AppStore|iPhone.ActiveCfg = Debug|Any CPU
		{2BACCC17-469A-43C8-A86C-1D0579B26566}.AppStore|iPhone.Build.0 = Debug|Any CPU
		{2BACCC17-469A-43C8-A86C-1D0579B26566}.AppStore|iPhoneSimulator.ActiveCfg = Debug|Any CPU
		{2BACCC17-469A-43C8-A86C-1D0579B26566}.AppStore|iPhoneSimulator.Build.0 = Debug|Any CPU
		{2BACCC17-469A-43C8-A86C-1D0579B26566}.AppStore|x64.ActiveCfg = Debug|Any CPU
		{2BACCC17-469A-43C8-A86C-1D0579B26566}.AppStore|x64.Build.0 = Debug|Any CPU
		{2BACCC17-469A-43C8-A86C-1D0579B26566}.AppStore|x86.ActiveCfg = Debug|Any CPU
		{2BACCC17-469A-43C8-A86C-1D0579B26566}.AppStore|x86.Build.0 = Debug|Any CPU
		{2BACCC17-469A-43C8-A86C-1D0579B26566}.Debug|Any CPU.ActiveCfg = Debug|Any CPU
		{2BACCC17-469A-43C8-A86C-1D0579B26566}.Debug|Any CPU.Build.0 = Debug|Any CPU
		{2BACCC17-469A-43C8-A86C-1D0579B26566}.Debug|ARM.ActiveCfg = Debug|Any CPU
		{2BACCC17-469A-43C8-A86C-1D0579B26566}.Debug|ARM.Build.0 = Debug|Any CPU
		{2BACCC17-469A-43C8-A86C-1D0579B26566}.Debug|iPhone.ActiveCfg = Debug|Any CPU
		{2BACCC17-469A-43C8-A86C-1D0579B26566}.Debug|iPhone.Build.0 = Debug|Any CPU
		{2BACCC17-469A-43C8-A86C-1D0579B26566}.Debug|iPhoneSimulator.ActiveCfg = Debug|Any CPU
		{2BACCC17-469A-43C8-A86C-1D0579B26566}.Debug|iPhoneSimulator.Build.0 = Debug|Any CPU
		{2BACCC17-469A-43C8-A86C-1D0579B26566}.Debug|x64.ActiveCfg = Debug|Any CPU
		{2BACCC17-469A-43C8-A86C-1D0579B26566}.Debug|x64.Build.0 = Debug|Any CPU
		{2BACCC17-469A-43C8-A86C-1D0579B26566}.Debug|x86.ActiveCfg = Debug|Any CPU
		{2BACCC17-469A-43C8-A86C-1D0579B26566}.Debug|x86.Build.0 = Debug|Any CPU
		{2BACCC17-469A-43C8-A86C-1D0579B26566}.Release|Any CPU.ActiveCfg = Release|Any CPU
		{2BACCC17-469A-43C8-A86C-1D0579B26566}.Release|Any CPU.Build.0 = Release|Any CPU
		{2BACCC17-469A-43C8-A86C-1D0579B26566}.Release|ARM.ActiveCfg = Release|Any CPU
		{2BACCC17-469A-43C8-A86C-1D0579B26566}.Release|ARM.Build.0 = Release|Any CPU
		{2BACCC17-469A-43C8-A86C-1D0579B26566}.Release|iPhone.ActiveCfg = Release|Any CPU
		{2BACCC17-469A-43C8-A86C-1D0579B26566}.Release|iPhone.Build.0 = Release|Any CPU
		{2BACCC17-469A-43C8-A86C-1D0579B26566}.Release|iPhoneSimulator.ActiveCfg = Release|Any CPU
		{2BACCC17-469A-43C8-A86C-1D0579B26566}.Release|iPhoneSimulator.Build.0 = Release|Any CPU
		{2BACCC17-469A-43C8-A86C-1D0579B26566}.Release|x64.ActiveCfg = Release|Any CPU
		{2BACCC17-469A-43C8-A86C-1D0579B26566}.Release|x64.Build.0 = Release|Any CPU
		{2BACCC17-469A-43C8-A86C-1D0579B26566}.Release|x86.ActiveCfg = Release|Any CPU
		{2BACCC17-469A-43C8-A86C-1D0579B26566}.Release|x86.Build.0 = Release|Any CPU
	EndGlobalSection
	GlobalSection(SolutionProperties) = preSolution
		HideSolutionNode = FALSE
	EndGlobalSection
	GlobalSection(ExtensibilityGlobals) = postSolution
		SolutionGuid = {19215C22-DBE9-4567-A4E4-FCBCDED21E1A}
	EndGlobalSection
EndGlobal
