
Microsoft Visual Studio Solution File, Format Version 12.00
# Visual Studio Version 16
VisualStudioVersion = 16.0.30717.126
MinimumVisualStudioVersion = 10.0.40219.1
Project("{9A19103F-16F7-4668-BE54-9A1E7A4F7556}") = "CloudKeyboard.Cli", "CloudKeyboard.Cli\CloudKeyboard.Cli.csproj", "{BCDD8365-78B4-4B5D-B5CB-72CD3D129FF5}"
EndProject
Project("{9A19103F-16F7-4668-BE54-9A1E7A4F7556}") = "CloudKeyboard.Core", "CloudKeyboard.Core\CloudKeyboard.Core.csproj", "{949D90AA-FF7C-4B48-BF35-2D31F4B8543D}"
EndProject
Project("{9A19103F-16F7-4668-BE54-9A1E7A4F7556}") = "CloudKeyboard.WebApi", "CloudKeyboard.WebApi\CloudKeyboard.WebApi.csproj", "{4D99B440-2E31-4862-A020-E81F10768702}"
EndProject
Project("{9A19103F-16F7-4668-BE54-9A1E7A4F7556}") = "CloudKeyboard.Wpf", "CloudKeyboard.Wpf\CloudKeyboard.Wpf.csproj", "{F196C9AE-B80D-4606-A746-F5B660AEA189}"
EndProject
Project("{9A19103F-16F7-4668-BE54-9A1E7A4F7556}") = "Walterlv.CloudKeyboard.Xaml", "CloudKeyboard.Xaml\Walterlv.CloudKeyboard.Xaml.csproj", "{16D1BCAD-A54A-4669-A7D8-4CA336AC3B73}"
EndProject
Project("{FAE04EC0-301F-11D3-BF4B-00C04F79EFBC}") = "Walterlv.CloudKeyboard.iOS", "CloudKeyboard.iOS\Walterlv.CloudKeyboard.iOS.csproj", "{EBAB995B-ABCF-488A-A3FA-726F99CFC9A2}"
EndProject
Project("{FAE04EC0-301F-11D3-BF4B-00C04F79EFBC}") = "Walterlv.CloudKeyboard.iOS.Extension", "CloudKeyboard.iOS.Extension\Walterlv.CloudKeyboard.iOS.Extension.csproj", "{F70F519C-49D8-4178-B05B-C4A0391D7C91}"
EndProject
Global
	GlobalSection(SolutionConfigurationPlatforms) = preSolution
		Ad-Hoc|Any CPU = Ad-Hoc|Any CPU
		Ad-Hoc|iPhone = Ad-Hoc|iPhone
		Ad-Hoc|iPhoneSimulator = Ad-Hoc|iPhoneSimulator
		AppStore|Any CPU = AppStore|Any CPU
		AppStore|iPhone = AppStore|iPhone
		AppStore|iPhoneSimulator = AppStore|iPhoneSimulator
		Debug|Any CPU = Debug|Any CPU
		Debug|iPhone = Debug|iPhone
		Debug|iPhoneSimulator = Debug|iPhoneSimulator
		Release|Any CPU = Release|Any CPU
		Release|iPhone = Release|iPhone
		Release|iPhoneSimulator = Release|iPhoneSimulator
	EndGlobalSection
	GlobalSection(ProjectConfigurationPlatforms) = postSolution
		{BCDD8365-78B4-4B5D-B5CB-72CD3D129FF5}.Ad-Hoc|Any CPU.ActiveCfg = Release|Any CPU
		{BCDD8365-78B4-4B5D-B5CB-72CD3D129FF5}.Ad-Hoc|Any CPU.Build.0 = Release|Any CPU
		{BCDD8365-78B4-4B5D-B5CB-72CD3D129FF5}.Ad-Hoc|iPhone.ActiveCfg = Release|Any CPU
		{BCDD8365-78B4-4B5D-B5CB-72CD3D129FF5}.Ad-Hoc|iPhone.Build.0 = Release|Any CPU
		{BCDD8365-78B4-4B5D-B5CB-72CD3D129FF5}.Ad-Hoc|iPhoneSimulator.ActiveCfg = Release|Any CPU
		{BCDD8365-78B4-4B5D-B5CB-72CD3D129FF5}.Ad-Hoc|iPhoneSimulator.Build.0 = Release|Any CPU
		{BCDD8365-78B4-4B5D-B5CB-72CD3D129FF5}.AppStore|Any CPU.ActiveCfg = Release|Any CPU
		{BCDD8365-78B4-4B5D-B5CB-72CD3D129FF5}.AppStore|Any CPU.Build.0 = Release|Any CPU
		{BCDD8365-78B4-4B5D-B5CB-72CD3D129FF5}.AppStore|iPhone.ActiveCfg = Release|Any CPU
		{BCDD8365-78B4-4B5D-B5CB-72CD3D129FF5}.AppStore|iPhone.Build.0 = Release|Any CPU
		{BCDD8365-78B4-4B5D-B5CB-72CD3D129FF5}.AppStore|iPhoneSimulator.ActiveCfg = Release|Any CPU
		{BCDD8365-78B4-4B5D-B5CB-72CD3D129FF5}.AppStore|iPhoneSimulator.Build.0 = Release|Any CPU
		{BCDD8365-78B4-4B5D-B5CB-72CD3D129FF5}.Debug|Any CPU.ActiveCfg = Debug|Any CPU
		{BCDD8365-78B4-4B5D-B5CB-72CD3D129FF5}.Debug|Any CPU.Build.0 = Debug|Any CPU
		{BCDD8365-78B4-4B5D-B5CB-72CD3D129FF5}.Debug|iPhone.ActiveCfg = Debug|Any CPU
		{BCDD8365-78B4-4B5D-B5CB-72CD3D129FF5}.Debug|iPhone.Build.0 = Debug|Any CPU
		{BCDD8365-78B4-4B5D-B5CB-72CD3D129FF5}.Debug|iPhoneSimulator.ActiveCfg = Debug|Any CPU
		{BCDD8365-78B4-4B5D-B5CB-72CD3D129FF5}.Debug|iPhoneSimulator.Build.0 = Debug|Any CPU
		{BCDD8365-78B4-4B5D-B5CB-72CD3D129FF5}.Release|Any CPU.ActiveCfg = Release|Any CPU
		{BCDD8365-78B4-4B5D-B5CB-72CD3D129FF5}.Release|Any CPU.Build.0 = Release|Any CPU
		{BCDD8365-78B4-4B5D-B5CB-72CD3D129FF5}.Release|iPhone.ActiveCfg = Release|Any CPU
		{BCDD8365-78B4-4B5D-B5CB-72CD3D129FF5}.Release|iPhone.Build.0 = Release|Any CPU
		{BCDD8365-78B4-4B5D-B5CB-72CD3D129FF5}.Release|iPhoneSimulator.ActiveCfg = Release|Any CPU
		{BCDD8365-78B4-4B5D-B5CB-72CD3D129FF5}.Release|iPhoneSimulator.Build.0 = Release|Any CPU
		{949D90AA-FF7C-4B48-BF35-2D31F4B8543D}.Ad-Hoc|Any CPU.ActiveCfg = Release|Any CPU
		{949D90AA-FF7C-4B48-BF35-2D31F4B8543D}.Ad-Hoc|Any CPU.Build.0 = Release|Any CPU
		{949D90AA-FF7C-4B48-BF35-2D31F4B8543D}.Ad-Hoc|iPhone.ActiveCfg = Release|Any CPU
		{949D90AA-FF7C-4B48-BF35-2D31F4B8543D}.Ad-Hoc|iPhone.Build.0 = Release|Any CPU
		{949D90AA-FF7C-4B48-BF35-2D31F4B8543D}.Ad-Hoc|iPhoneSimulator.ActiveCfg = Release|Any CPU
		{949D90AA-FF7C-4B48-BF35-2D31F4B8543D}.Ad-Hoc|iPhoneSimulator.Build.0 = Release|Any CPU
		{949D90AA-FF7C-4B48-BF35-2D31F4B8543D}.AppStore|Any CPU.ActiveCfg = Release|Any CPU
		{949D90AA-FF7C-4B48-BF35-2D31F4B8543D}.AppStore|Any CPU.Build.0 = Release|Any CPU
		{949D90AA-FF7C-4B48-BF35-2D31F4B8543D}.AppStore|iPhone.ActiveCfg = Release|Any CPU
		{949D90AA-FF7C-4B48-BF35-2D31F4B8543D}.AppStore|iPhone.Build.0 = Release|Any CPU
		{949D90AA-FF7C-4B48-BF35-2D31F4B8543D}.AppStore|iPhoneSimulator.ActiveCfg = Release|Any CPU
		{949D90AA-FF7C-4B48-BF35-2D31F4B8543D}.AppStore|iPhoneSimulator.Build.0 = Release|Any CPU
		{949D90AA-FF7C-4B48-BF35-2D31F4B8543D}.Debug|Any CPU.ActiveCfg = Debug|Any CPU
		{949D90AA-FF7C-4B48-BF35-2D31F4B8543D}.Debug|Any CPU.Build.0 = Debug|Any CPU
		{949D90AA-FF7C-4B48-BF35-2D31F4B8543D}.Debug|iPhone.ActiveCfg = Debug|Any CPU
		{949D90AA-FF7C-4B48-BF35-2D31F4B8543D}.Debug|iPhone.Build.0 = Debug|Any CPU
		{949D90AA-FF7C-4B48-BF35-2D31F4B8543D}.Debug|iPhoneSimulator.ActiveCfg = Debug|Any CPU
		{949D90AA-FF7C-4B48-BF35-2D31F4B8543D}.Debug|iPhoneSimulator.Build.0 = Debug|Any CPU
		{949D90AA-FF7C-4B48-BF35-2D31F4B8543D}.Release|Any CPU.ActiveCfg = Release|Any CPU
		{949D90AA-FF7C-4B48-BF35-2D31F4B8543D}.Release|Any CPU.Build.0 = Release|Any CPU
		{949D90AA-FF7C-4B48-BF35-2D31F4B8543D}.Release|iPhone.ActiveCfg = Release|Any CPU
		{949D90AA-FF7C-4B48-BF35-2D31F4B8543D}.Release|iPhone.Build.0 = Release|Any CPU
		{949D90AA-FF7C-4B48-BF35-2D31F4B8543D}.Release|iPhoneSimulator.ActiveCfg = Release|Any CPU
		{949D90AA-FF7C-4B48-BF35-2D31F4B8543D}.Release|iPhoneSimulator.Build.0 = Release|Any CPU
		{4D99B440-2E31-4862-A020-E81F10768702}.Ad-Hoc|Any CPU.ActiveCfg = Release|Any CPU
		{4D99B440-2E31-4862-A020-E81F10768702}.Ad-Hoc|Any CPU.Build.0 = Release|Any CPU
		{4D99B440-2E31-4862-A020-E81F10768702}.Ad-Hoc|iPhone.ActiveCfg = Release|Any CPU
		{4D99B440-2E31-4862-A020-E81F10768702}.Ad-Hoc|iPhone.Build.0 = Release|Any CPU
		{4D99B440-2E31-4862-A020-E81F10768702}.Ad-Hoc|iPhoneSimulator.ActiveCfg = Release|Any CPU
		{4D99B440-2E31-4862-A020-E81F10768702}.Ad-Hoc|iPhoneSimulator.Build.0 = Release|Any CPU
		{4D99B440-2E31-4862-A020-E81F10768702}.AppStore|Any CPU.ActiveCfg = Release|Any CPU
		{4D99B440-2E31-4862-A020-E81F10768702}.AppStore|Any CPU.Build.0 = Release|Any CPU
		{4D99B440-2E31-4862-A020-E81F10768702}.AppStore|iPhone.ActiveCfg = Release|Any CPU
		{4D99B440-2E31-4862-A020-E81F10768702}.AppStore|iPhone.Build.0 = Release|Any CPU
		{4D99B440-2E31-4862-A020-E81F10768702}.AppStore|iPhoneSimulator.ActiveCfg = Release|Any CPU
		{4D99B440-2E31-4862-A020-E81F10768702}.AppStore|iPhoneSimulator.Build.0 = Release|Any CPU
		{4D99B440-2E31-4862-A020-E81F10768702}.Debug|Any CPU.ActiveCfg = Debug|Any CPU
		{4D99B440-2E31-4862-A020-E81F10768702}.Debug|Any CPU.Build.0 = Debug|Any CPU
		{4D99B440-2E31-4862-A020-E81F10768702}.Debug|iPhone.ActiveCfg = Debug|Any CPU
		{4D99B440-2E31-4862-A020-E81F10768702}.Debug|iPhone.Build.0 = Debug|Any CPU
		{4D99B440-2E31-4862-A020-E81F10768702}.Debug|iPhoneSimulator.ActiveCfg = Debug|Any CPU
		{4D99B440-2E31-4862-A020-E81F10768702}.Debug|iPhoneSimulator.Build.0 = Debug|Any CPU
		{4D99B440-2E31-4862-A020-E81F10768702}.Release|Any CPU.ActiveCfg = Release|Any CPU
		{4D99B440-2E31-4862-A020-E81F10768702}.Release|Any CPU.Build.0 = Release|Any CPU
		{4D99B440-2E31-4862-A020-E81F10768702}.Release|iPhone.ActiveCfg = Release|Any CPU
		{4D99B440-2E31-4862-A020-E81F10768702}.Release|iPhone.Build.0 = Release|Any CPU
		{4D99B440-2E31-4862-A020-E81F10768702}.Release|iPhoneSimulator.ActiveCfg = Release|Any CPU
		{4D99B440-2E31-4862-A020-E81F10768702}.Release|iPhoneSimulator.Build.0 = Release|Any CPU
		{F196C9AE-B80D-4606-A746-F5B660AEA189}.Ad-Hoc|Any CPU.ActiveCfg = Release|Any CPU
		{F196C9AE-B80D-4606-A746-F5B660AEA189}.Ad-Hoc|Any CPU.Build.0 = Release|Any CPU
		{F196C9AE-B80D-4606-A746-F5B660AEA189}.Ad-Hoc|iPhone.ActiveCfg = Release|Any CPU
		{F196C9AE-B80D-4606-A746-F5B660AEA189}.Ad-Hoc|iPhone.Build.0 = Release|Any CPU
		{F196C9AE-B80D-4606-A746-F5B660AEA189}.Ad-Hoc|iPhoneSimulator.ActiveCfg = Release|Any CPU
		{F196C9AE-B80D-4606-A746-F5B660AEA189}.Ad-Hoc|iPhoneSimulator.Build.0 = Release|Any CPU
		{F196C9AE-B80D-4606-A746-F5B660AEA189}.AppStore|Any CPU.ActiveCfg = Release|Any CPU
		{F196C9AE-B80D-4606-A746-F5B660AEA189}.AppStore|Any CPU.Build.0 = Release|Any CPU
		{F196C9AE-B80D-4606-A746-F5B660AEA189}.AppStore|iPhone.ActiveCfg = Release|Any CPU
		{F196C9AE-B80D-4606-A746-F5B660AEA189}.AppStore|iPhone.Build.0 = Release|Any CPU
		{F196C9AE-B80D-4606-A746-F5B660AEA189}.AppStore|iPhoneSimulator.ActiveCfg = Release|Any CPU
		{F196C9AE-B80D-4606-A746-F5B660AEA189}.AppStore|iPhoneSimulator.Build.0 = Release|Any CPU
		{F196C9AE-B80D-4606-A746-F5B660AEA189}.Debug|Any CPU.ActiveCfg = Debug|Any CPU
		{F196C9AE-B80D-4606-A746-F5B660AEA189}.Debug|Any CPU.Build.0 = Debug|Any CPU
		{F196C9AE-B80D-4606-A746-F5B660AEA189}.Debug|iPhone.ActiveCfg = Debug|Any CPU
		{F196C9AE-B80D-4606-A746-F5B660AEA189}.Debug|iPhone.Build.0 = Debug|Any CPU
		{F196C9AE-B80D-4606-A746-F5B660AEA189}.Debug|iPhoneSimulator.ActiveCfg = Debug|Any CPU
		{F196C9AE-B80D-4606-A746-F5B660AEA189}.Debug|iPhoneSimulator.Build.0 = Debug|Any CPU
		{F196C9AE-B80D-4606-A746-F5B660AEA189}.Release|Any CPU.ActiveCfg = Release|Any CPU
		{F196C9AE-B80D-4606-A746-F5B660AEA189}.Release|Any CPU.Build.0 = Release|Any CPU
		{F196C9AE-B80D-4606-A746-F5B660AEA189}.Release|iPhone.ActiveCfg = Release|Any CPU
		{F196C9AE-B80D-4606-A746-F5B660AEA189}.Release|iPhone.Build.0 = Release|Any CPU
		{F196C9AE-B80D-4606-A746-F5B660AEA189}.Release|iPhoneSimulator.ActiveCfg = Release|Any CPU
		{F196C9AE-B80D-4606-A746-F5B660AEA189}.Release|iPhoneSimulator.Build.0 = Release|Any CPU
		{16D1BCAD-A54A-4669-A7D8-4CA336AC3B73}.Ad-Hoc|Any CPU.ActiveCfg = Debug|Any CPU
		{16D1BCAD-A54A-4669-A7D8-4CA336AC3B73}.Ad-Hoc|Any CPU.Build.0 = Debug|Any CPU
		{16D1BCAD-A54A-4669-A7D8-4CA336AC3B73}.Ad-Hoc|iPhone.ActiveCfg = Debug|Any CPU
		{16D1BCAD-A54A-4669-A7D8-4CA336AC3B73}.Ad-Hoc|iPhone.Build.0 = Debug|Any CPU
		{16D1BCAD-A54A-4669-A7D8-4CA336AC3B73}.Ad-Hoc|iPhoneSimulator.ActiveCfg = Debug|Any CPU
		{16D1BCAD-A54A-4669-A7D8-4CA336AC3B73}.Ad-Hoc|iPhoneSimulator.Build.0 = Debug|Any CPU
		{16D1BCAD-A54A-4669-A7D8-4CA336AC3B73}.AppStore|Any CPU.ActiveCfg = Debug|Any CPU
		{16D1BCAD-A54A-4669-A7D8-4CA336AC3B73}.AppStore|Any CPU.Build.0 = Debug|Any CPU
		{16D1BCAD-A54A-4669-A7D8-4CA336AC3B73}.AppStore|iPhone.ActiveCfg = Debug|Any CPU
		{16D1BCAD-A54A-4669-A7D8-4CA336AC3B73}.AppStore|iPhone.Build.0 = Debug|Any CPU
		{16D1BCAD-A54A-4669-A7D8-4CA336AC3B73}.AppStore|iPhoneSimulator.ActiveCfg = Debug|Any CPU
		{16D1BCAD-A54A-4669-A7D8-4CA336AC3B73}.AppStore|iPhoneSimulator.Build.0 = Debug|Any CPU
		{16D1BCAD-A54A-4669-A7D8-4CA336AC3B73}.Debug|Any CPU.ActiveCfg = Debug|Any CPU
		{16D1BCAD-A54A-4669-A7D8-4CA336AC3B73}.Debug|Any CPU.Build.0 = Debug|Any CPU
		{16D1BCAD-A54A-4669-A7D8-4CA336AC3B73}.Debug|iPhone.ActiveCfg = Debug|Any CPU
		{16D1BCAD-A54A-4669-A7D8-4CA336AC3B73}.Debug|iPhone.Build.0 = Debug|Any CPU
		{16D1BCAD-A54A-4669-A7D8-4CA336AC3B73}.Debug|iPhoneSimulator.ActiveCfg = Debug|Any CPU
		{16D1BCAD-A54A-4669-A7D8-4CA336AC3B73}.Debug|iPhoneSimulator.Build.0 = Debug|Any CPU
		{16D1BCAD-A54A-4669-A7D8-4CA336AC3B73}.Release|Any CPU.ActiveCfg = Release|Any CPU
		{16D1BCAD-A54A-4669-A7D8-4CA336AC3B73}.Release|Any CPU.Build.0 = Release|Any CPU
		{16D1BCAD-A54A-4669-A7D8-4CA336AC3B73}.Release|iPhone.ActiveCfg = Release|Any CPU
		{16D1BCAD-A54A-4669-A7D8-4CA336AC3B73}.Release|iPhone.Build.0 = Release|Any CPU
		{16D1BCAD-A54A-4669-A7D8-4CA336AC3B73}.Release|iPhoneSimulator.ActiveCfg = Release|Any CPU
		{16D1BCAD-A54A-4669-A7D8-4CA336AC3B73}.Release|iPhoneSimulator.Build.0 = Release|Any CPU
		{EBAB995B-ABCF-488A-A3FA-726F99CFC9A2}.Ad-Hoc|Any CPU.ActiveCfg = Ad-Hoc|iPhoneSimulator
		{EBAB995B-ABCF-488A-A3FA-726F99CFC9A2}.Ad-Hoc|iPhone.ActiveCfg = Ad-Hoc|iPhone
		{EBAB995B-ABCF-488A-A3FA-726F99CFC9A2}.Ad-Hoc|iPhone.Build.0 = Ad-Hoc|iPhone
		{EBAB995B-ABCF-488A-A3FA-726F99CFC9A2}.Ad-Hoc|iPhoneSimulator.ActiveCfg = Ad-Hoc|iPhoneSimulator
		{EBAB995B-ABCF-488A-A3FA-726F99CFC9A2}.Ad-Hoc|iPhoneSimulator.Build.0 = Ad-Hoc|iPhoneSimulator
		{EBAB995B-ABCF-488A-A3FA-726F99CFC9A2}.AppStore|Any CPU.ActiveCfg = AppStore|iPhoneSimulator
		{EBAB995B-ABCF-488A-A3FA-726F99CFC9A2}.AppStore|iPhone.ActiveCfg = AppStore|iPhone
		{EBAB995B-ABCF-488A-A3FA-726F99CFC9A2}.AppStore|iPhone.Build.0 = AppStore|iPhone
		{EBAB995B-ABCF-488A-A3FA-726F99CFC9A2}.AppStore|iPhoneSimulator.ActiveCfg = AppStore|iPhoneSimulator
		{EBAB995B-ABCF-488A-A3FA-726F99CFC9A2}.AppStore|iPhoneSimulator.Build.0 = AppStore|iPhoneSimulator
		{EBAB995B-ABCF-488A-A3FA-726F99CFC9A2}.Debug|Any CPU.ActiveCfg = Debug|iPhoneSimulator
		{EBAB995B-ABCF-488A-A3FA-726F99CFC9A2}.Debug|iPhone.ActiveCfg = Debug|iPhone
		{EBAB995B-ABCF-488A-A3FA-726F99CFC9A2}.Debug|iPhone.Build.0 = Debug|iPhone
		{EBAB995B-ABCF-488A-A3FA-726F99CFC9A2}.Debug|iPhoneSimulator.ActiveCfg = Debug|iPhoneSimulator
		{EBAB995B-ABCF-488A-A3FA-726F99CFC9A2}.Debug|iPhoneSimulator.Build.0 = Debug|iPhoneSimulator
		{EBAB995B-ABCF-488A-A3FA-726F99CFC9A2}.Release|Any CPU.ActiveCfg = Release|iPhoneSimulator
		{EBAB995B-ABCF-488A-A3FA-726F99CFC9A2}.Release|iPhone.ActiveCfg = Release|iPhone
		{EBAB995B-ABCF-488A-A3FA-726F99CFC9A2}.Release|iPhone.Build.0 = Release|iPhone
		{EBAB995B-ABCF-488A-A3FA-726F99CFC9A2}.Release|iPhoneSimulator.ActiveCfg = Release|iPhoneSimulator
		{EBAB995B-ABCF-488A-A3FA-726F99CFC9A2}.Release|iPhoneSimulator.Build.0 = Release|iPhoneSimulator
		{F70F519C-49D8-4178-B05B-C4A0391D7C91}.Ad-Hoc|Any CPU.ActiveCfg = Debug|iPhoneSimulator
		{F70F519C-49D8-4178-B05B-C4A0391D7C91}.Ad-Hoc|Any CPU.Build.0 = Debug|iPhoneSimulator
		{F70F519C-49D8-4178-B05B-C4A0391D7C91}.Ad-Hoc|iPhone.ActiveCfg = Debug|iPhone
		{F70F519C-49D8-4178-B05B-C4A0391D7C91}.Ad-Hoc|iPhone.Build.0 = Debug|iPhone
		{F70F519C-49D8-4178-B05B-C4A0391D7C91}.Ad-Hoc|iPhoneSimulator.ActiveCfg = Debug|iPhoneSimulator
		{F70F519C-49D8-4178-B05B-C4A0391D7C91}.Ad-Hoc|iPhoneSimulator.Build.0 = Debug|iPhoneSimulator
		{F70F519C-49D8-4178-B05B-C4A0391D7C91}.AppStore|Any CPU.ActiveCfg = Debug|iPhoneSimulator
		{F70F519C-49D8-4178-B05B-C4A0391D7C91}.AppStore|Any CPU.Build.0 = Debug|iPhoneSimulator
		{F70F519C-49D8-4178-B05B-C4A0391D7C91}.AppStore|iPhone.ActiveCfg = Debug|iPhone
		{F70F519C-49D8-4178-B05B-C4A0391D7C91}.AppStore|iPhone.Build.0 = Debug|iPhone
		{F70F519C-49D8-4178-B05B-C4A0391D7C91}.AppStore|iPhoneSimulator.ActiveCfg = Debug|iPhoneSimulator
		{F70F519C-49D8-4178-B05B-C4A0391D7C91}.AppStore|iPhoneSimulator.Build.0 = Debug|iPhoneSimulator
		{F70F519C-49D8-4178-B05B-C4A0391D7C91}.Debug|Any CPU.ActiveCfg = Debug|iPhoneSimulator
		{F70F519C-49D8-4178-B05B-C4A0391D7C91}.Debug|iPhone.ActiveCfg = Debug|iPhone
		{F70F519C-49D8-4178-B05B-C4A0391D7C91}.Debug|iPhone.Build.0 = Debug|iPhone
		{F70F519C-49D8-4178-B05B-C4A0391D7C91}.Debug|iPhoneSimulator.ActiveCfg = Debug|iPhoneSimulator
		{F70F519C-49D8-4178-B05B-C4A0391D7C91}.Debug|iPhoneSimulator.Build.0 = Debug|iPhoneSimulator
		{F70F519C-49D8-4178-B05B-C4A0391D7C91}.Release|Any CPU.ActiveCfg = Release|iPhoneSimulator
		{F70F519C-49D8-4178-B05B-C4A0391D7C91}.Release|iPhone.ActiveCfg = Release|iPhone
		{F70F519C-49D8-4178-B05B-C4A0391D7C91}.Release|iPhone.Build.0 = Release|iPhone
		{F70F519C-49D8-4178-B05B-C4A0391D7C91}.Release|iPhoneSimulator.ActiveCfg = Release|iPhoneSimulator
		{F70F519C-49D8-4178-B05B-C4A0391D7C91}.Release|iPhoneSimulator.Build.0 = Release|iPhoneSimulator
	EndGlobalSection
	GlobalSection(SolutionProperties) = preSolution
		HideSolutionNode = FALSE
	EndGlobalSection
	GlobalSection(ExtensibilityGlobals) = postSolution
		SolutionGuid = {00E2E144-D85C-4926-8D96-C3A17644B025}
	EndGlobalSection
EndGlobal
