
Microsoft Visual Studio Solution File, Format Version 12.00
# Visual Studio Version 16
VisualStudioVersion = 16.0.28721.148
MinimumVisualStudioVersion = 10.0.40219.1
Project("{9A19103F-16F7-4668-BE54-9A1E7A4F7556}") = "Walterlv.CloudKeyboard.Core", "CloudKeyboard.Core\Walterlv.CloudKeyboard.Core.csproj", "{ECE91EB2-2DD8-41F7-BE7F-FB57484807B1}"
EndProject
Project("{9A19103F-16F7-4668-BE54-9A1E7A4F7556}") = "Walterlv.CloudKeyboard.WebApi", "CloudKeyboard.WebApi\Walterlv.CloudKeyboard.WebApi.csproj", "{F970BED6-96C9-42BB-A3F6-C141FD9EA715}"
EndProject
Project("{9A19103F-16F7-4668-BE54-9A1E7A4F7556}") = "Walterlv.CloudKeybaord.Cli", "CloudKeybaord.Cli\Walterlv.CloudKeybaord.Cli.csproj", "{EE74B884-6E2B-4D73-B5E3-B2C22BF4B2FF}"
EndProject
Project("{FAE04EC0-301F-11D3-BF4B-00C04F79EFBC}") = "Walterlv.CloudKeyboard.Windows", "CloudKeyboard.Windows\Walterlv.CloudKeyboard.Windows.csproj", "{9A511A00-B27F-42FC-B398-5ABE4D60C2E1}"
EndProject
Project("{9A19103F-16F7-4668-BE54-9A1E7A4F7556}") = "Walterlv.CloudKeyboard.Wpf", "CloudKeyboard.Wpf\Walterlv.CloudKeyboard.Wpf.csproj", "{83D719E9-3D7B-4266-BE47-0FDEB92FECCB}"
EndProject
Project("{FAE04EC0-301F-11D3-BF4B-00C04F79EFBC}") = "Walterlv.CloudKeyboard.iOS.Extension", "CloudKeyboard.iOS.Extension\Walterlv.CloudKeyboard.iOS.Extension.csproj", "{F70F519C-49D8-4178-B05B-C4A0391D7C91}"
EndProject
Project("{2150E333-8FDC-42A3-9474-1A3956D46DE8}") = "iOS", "iOS", "{B3A6F801-0997-4EAE-8F7C-41D90B224B61}"
EndProject
Project("{2150E333-8FDC-42A3-9474-1A3956D46DE8}") = "Web", "Web", "{4175E5A0-1B5A-47E4-A9EA-0FC421148938}"
EndProject
Project("{2150E333-8FDC-42A3-9474-1A3956D46DE8}") = "Windows", "Windows", "{3120DFA2-0946-4259-833C-7A704CF00ECC}"
EndProject
Project("{2150E333-8FDC-42A3-9474-1A3956D46DE8}") = "Core", "Core", "{3B434268-93DE-49AD-83B0-069B50CB6891}"
EndProject
Project("{9A19103F-16F7-4668-BE54-9A1E7A4F7556}") = "Walterlv.CloudKeyboard.Xaml", "CloudKeyboard.Xaml\Walterlv.CloudKeyboard.Xaml.csproj", "{A2182B4A-A700-47BE-8905-65E8C258B87E}"
EndProject
Project("{FAE04EC0-301F-11D3-BF4B-00C04F79EFBC}") = "Walterlv.CloudKeyboard.iOS", "CloudKeyboard.iOS\Walterlv.CloudKeyboard.iOS.csproj", "{EBAB995B-ABCF-488A-A3FA-726F99CFC9A2}"
EndProject
Project("{C7167F0D-BC9F-4E6E-AFE1-012C56B48DB5}") = "Walterlv.CloudKeyboard.Package", "CloudKeyboard.Package\Walterlv.CloudKeyboard.Package.wapproj", "{18BF7E9A-D417-4673-9CF2-D23C130036E6}"
EndProject
Global
	GlobalSection(SolutionConfigurationPlatforms) = preSolution
		Ad-Hoc|Any CPU = Ad-Hoc|Any CPU
		Ad-Hoc|ARM = Ad-Hoc|ARM
		Ad-Hoc|ARM64 = Ad-Hoc|ARM64
		Ad-Hoc|iPhone = Ad-Hoc|iPhone
		Ad-Hoc|iPhoneSimulator = Ad-Hoc|iPhoneSimulator
		Ad-Hoc|x64 = Ad-Hoc|x64
		Ad-Hoc|x86 = Ad-Hoc|x86
		AppStore|Any CPU = AppStore|Any CPU
		AppStore|ARM = AppStore|ARM
		AppStore|ARM64 = AppStore|ARM64
		AppStore|iPhone = AppStore|iPhone
		AppStore|iPhoneSimulator = AppStore|iPhoneSimulator
		AppStore|x64 = AppStore|x64
		AppStore|x86 = AppStore|x86
		Debug|Any CPU = Debug|Any CPU
		Debug|ARM = Debug|ARM
		Debug|ARM64 = Debug|ARM64
		Debug|iPhone = Debug|iPhone
		Debug|iPhoneSimulator = Debug|iPhoneSimulator
		Debug|x64 = Debug|x64
		Debug|x86 = Debug|x86
		Release|Any CPU = Release|Any CPU
		Release|ARM = Release|ARM
		Release|ARM64 = Release|ARM64
		Release|iPhone = Release|iPhone
		Release|iPhoneSimulator = Release|iPhoneSimulator
		Release|x64 = Release|x64
		Release|x86 = Release|x86
	EndGlobalSection
	GlobalSection(ProjectConfigurationPlatforms) = postSolution
		{ECE91EB2-2DD8-41F7-BE7F-FB57484807B1}.Ad-Hoc|Any CPU.ActiveCfg = Release|Any CPU
		{ECE91EB2-2DD8-41F7-BE7F-FB57484807B1}.Ad-Hoc|Any CPU.Build.0 = Release|Any CPU
		{ECE91EB2-2DD8-41F7-BE7F-FB57484807B1}.Ad-Hoc|ARM.ActiveCfg = Release|Any CPU
		{ECE91EB2-2DD8-41F7-BE7F-FB57484807B1}.Ad-Hoc|ARM.Build.0 = Release|Any CPU
		{ECE91EB2-2DD8-41F7-BE7F-FB57484807B1}.Ad-Hoc|ARM64.ActiveCfg = Release|Any CPU
		{ECE91EB2-2DD8-41F7-BE7F-FB57484807B1}.Ad-Hoc|ARM64.Build.0 = Release|Any CPU
		{ECE91EB2-2DD8-41F7-BE7F-FB57484807B1}.Ad-Hoc|iPhone.ActiveCfg = Debug|Any CPU
		{ECE91EB2-2DD8-41F7-BE7F-FB57484807B1}.Ad-Hoc|iPhone.Build.0 = Debug|Any CPU
		{ECE91EB2-2DD8-41F7-BE7F-FB57484807B1}.Ad-Hoc|iPhoneSimulator.ActiveCfg = Release|Any CPU
		{ECE91EB2-2DD8-41F7-BE7F-FB57484807B1}.Ad-Hoc|iPhoneSimulator.Build.0 = Release|Any CPU
		{ECE91EB2-2DD8-41F7-BE7F-FB57484807B1}.Ad-Hoc|x64.ActiveCfg = Release|Any CPU
		{ECE91EB2-2DD8-41F7-BE7F-FB57484807B1}.Ad-Hoc|x64.Build.0 = Release|Any CPU
		{ECE91EB2-2DD8-41F7-BE7F-FB57484807B1}.Ad-Hoc|x86.ActiveCfg = Release|Any CPU
		{ECE91EB2-2DD8-41F7-BE7F-FB57484807B1}.Ad-Hoc|x86.Build.0 = Release|Any CPU
		{ECE91EB2-2DD8-41F7-BE7F-FB57484807B1}.AppStore|Any CPU.ActiveCfg = Release|Any CPU
		{ECE91EB2-2DD8-41F7-BE7F-FB57484807B1}.AppStore|Any CPU.Build.0 = Release|Any CPU
		{ECE91EB2-2DD8-41F7-BE7F-FB57484807B1}.AppStore|ARM.ActiveCfg = Release|Any CPU
		{ECE91EB2-2DD8-41F7-BE7F-FB57484807B1}.AppStore|ARM.Build.0 = Release|Any CPU
		{ECE91EB2-2DD8-41F7-BE7F-FB57484807B1}.AppStore|ARM64.ActiveCfg = Release|Any CPU
		{ECE91EB2-2DD8-41F7-BE7F-FB57484807B1}.AppStore|ARM64.Build.0 = Release|Any CPU
		{ECE91EB2-2DD8-41F7-BE7F-FB57484807B1}.AppStore|iPhone.ActiveCfg = Debug|Any CPU
		{ECE91EB2-2DD8-41F7-BE7F-FB57484807B1}.AppStore|iPhone.Build.0 = Debug|Any CPU
		{ECE91EB2-2DD8-41F7-BE7F-FB57484807B1}.AppStore|iPhoneSimulator.ActiveCfg = Release|Any CPU
		{ECE91EB2-2DD8-41F7-BE7F-FB57484807B1}.AppStore|iPhoneSimulator.Build.0 = Release|Any CPU
		{ECE91EB2-2DD8-41F7-BE7F-FB57484807B1}.AppStore|x64.ActiveCfg = Release|Any CPU
		{ECE91EB2-2DD8-41F7-BE7F-FB57484807B1}.AppStore|x64.Build.0 = Release|Any CPU
		{ECE91EB2-2DD8-41F7-BE7F-FB57484807B1}.AppStore|x86.ActiveCfg = Release|Any CPU
		{ECE91EB2-2DD8-41F7-BE7F-FB57484807B1}.AppStore|x86.Build.0 = Release|Any CPU
		{ECE91EB2-2DD8-41F7-BE7F-FB57484807B1}.Debug|Any CPU.ActiveCfg = Debug|Any CPU
		{ECE91EB2-2DD8-41F7-BE7F-FB57484807B1}.Debug|Any CPU.Build.0 = Debug|Any CPU
		{ECE91EB2-2DD8-41F7-BE7F-FB57484807B1}.Debug|ARM.ActiveCfg = Debug|Any CPU
		{ECE91EB2-2DD8-41F7-BE7F-FB57484807B1}.Debug|ARM.Build.0 = Debug|Any CPU
		{ECE91EB2-2DD8-41F7-BE7F-FB57484807B1}.Debug|ARM64.ActiveCfg = Debug|Any CPU
		{ECE91EB2-2DD8-41F7-BE7F-FB57484807B1}.Debug|ARM64.Build.0 = Debug|Any CPU
		{ECE91EB2-2DD8-41F7-BE7F-FB57484807B1}.Debug|iPhone.ActiveCfg = Debug|Any CPU
		{ECE91EB2-2DD8-41F7-BE7F-FB57484807B1}.Debug|iPhone.Build.0 = Debug|Any CPU
		{ECE91EB2-2DD8-41F7-BE7F-FB57484807B1}.Debug|iPhoneSimulator.ActiveCfg = Debug|Any CPU
		{ECE91EB2-2DD8-41F7-BE7F-FB57484807B1}.Debug|iPhoneSimulator.Build.0 = Debug|Any CPU
		{ECE91EB2-2DD8-41F7-BE7F-FB57484807B1}.Debug|x64.ActiveCfg = Debug|Any CPU
		{ECE91EB2-2DD8-41F7-BE7F-FB57484807B1}.Debug|x64.Build.0 = Debug|Any CPU
		{ECE91EB2-2DD8-41F7-BE7F-FB57484807B1}.Debug|x86.ActiveCfg = Debug|Any CPU
		{ECE91EB2-2DD8-41F7-BE7F-FB57484807B1}.Debug|x86.Build.0 = Debug|Any CPU
		{ECE91EB2-2DD8-41F7-BE7F-FB57484807B1}.Release|Any CPU.ActiveCfg = Release|Any CPU
		{ECE91EB2-2DD8-41F7-BE7F-FB57484807B1}.Release|Any CPU.Build.0 = Release|Any CPU
		{ECE91EB2-2DD8-41F7-BE7F-FB57484807B1}.Release|ARM.ActiveCfg = Release|Any CPU
		{ECE91EB2-2DD8-41F7-BE7F-FB57484807B1}.Release|ARM.Build.0 = Release|Any CPU
		{ECE91EB2-2DD8-41F7-BE7F-FB57484807B1}.Release|ARM64.ActiveCfg = Release|Any CPU
		{ECE91EB2-2DD8-41F7-BE7F-FB57484807B1}.Release|ARM64.Build.0 = Release|Any CPU
		{ECE91EB2-2DD8-41F7-BE7F-FB57484807B1}.Release|iPhone.ActiveCfg = Release|Any CPU
		{ECE91EB2-2DD8-41F7-BE7F-FB57484807B1}.Release|iPhone.Build.0 = Release|Any CPU
		{ECE91EB2-2DD8-41F7-BE7F-FB57484807B1}.Release|iPhoneSimulator.ActiveCfg = Release|Any CPU
		{ECE91EB2-2DD8-41F7-BE7F-FB57484807B1}.Release|iPhoneSimulator.Build.0 = Release|Any CPU
		{ECE91EB2-2DD8-41F7-BE7F-FB57484807B1}.Release|x64.ActiveCfg = Release|Any CPU
		{ECE91EB2-2DD8-41F7-BE7F-FB57484807B1}.Release|x64.Build.0 = Release|Any CPU
		{ECE91EB2-2DD8-41F7-BE7F-FB57484807B1}.Release|x86.ActiveCfg = Release|Any CPU
		{ECE91EB2-2DD8-41F7-BE7F-FB57484807B1}.Release|x86.Build.0 = Release|Any CPU
		{F970BED6-96C9-42BB-A3F6-C141FD9EA715}.Ad-Hoc|Any CPU.ActiveCfg = Release|Any CPU
		{F970BED6-96C9-42BB-A3F6-C141FD9EA715}.Ad-Hoc|Any CPU.Build.0 = Release|Any CPU
		{F970BED6-96C9-42BB-A3F6-C141FD9EA715}.Ad-Hoc|ARM.ActiveCfg = Release|Any CPU
		{F970BED6-96C9-42BB-A3F6-C141FD9EA715}.Ad-Hoc|ARM.Build.0 = Release|Any CPU
		{F970BED6-96C9-42BB-A3F6-C141FD9EA715}.Ad-Hoc|ARM64.ActiveCfg = Release|Any CPU
		{F970BED6-96C9-42BB-A3F6-C141FD9EA715}.Ad-Hoc|ARM64.Build.0 = Release|Any CPU
		{F970BED6-96C9-42BB-A3F6-C141FD9EA715}.Ad-Hoc|iPhone.ActiveCfg = Debug|Any CPU
		{F970BED6-96C9-42BB-A3F6-C141FD9EA715}.Ad-Hoc|iPhone.Build.0 = Debug|Any CPU
		{F970BED6-96C9-42BB-A3F6-C141FD9EA715}.Ad-Hoc|iPhoneSimulator.ActiveCfg = Release|Any CPU
		{F970BED6-96C9-42BB-A3F6-C141FD9EA715}.Ad-Hoc|iPhoneSimulator.Build.0 = Release|Any CPU
		{F970BED6-96C9-42BB-A3F6-C141FD9EA715}.Ad-Hoc|x64.ActiveCfg = Release|Any CPU
		{F970BED6-96C9-42BB-A3F6-C141FD9EA715}.Ad-Hoc|x64.Build.0 = Release|Any CPU
		{F970BED6-96C9-42BB-A3F6-C141FD9EA715}.Ad-Hoc|x86.ActiveCfg = Release|Any CPU
		{F970BED6-96C9-42BB-A3F6-C141FD9EA715}.Ad-Hoc|x86.Build.0 = Release|Any CPU
		{F970BED6-96C9-42BB-A3F6-C141FD9EA715}.AppStore|Any CPU.ActiveCfg = Release|Any CPU
		{F970BED6-96C9-42BB-A3F6-C141FD9EA715}.AppStore|Any CPU.Build.0 = Release|Any CPU
		{F970BED6-96C9-42BB-A3F6-C141FD9EA715}.AppStore|ARM.ActiveCfg = Release|Any CPU
		{F970BED6-96C9-42BB-A3F6-C141FD9EA715}.AppStore|ARM.Build.0 = Release|Any CPU
		{F970BED6-96C9-42BB-A3F6-C141FD9EA715}.AppStore|ARM64.ActiveCfg = Release|Any CPU
		{F970BED6-96C9-42BB-A3F6-C141FD9EA715}.AppStore|ARM64.Build.0 = Release|Any CPU
		{F970BED6-96C9-42BB-A3F6-C141FD9EA715}.AppStore|iPhone.ActiveCfg = Debug|Any CPU
		{F970BED6-96C9-42BB-A3F6-C141FD9EA715}.AppStore|iPhone.Build.0 = Debug|Any CPU
		{F970BED6-96C9-42BB-A3F6-C141FD9EA715}.AppStore|iPhoneSimulator.ActiveCfg = Release|Any CPU
		{F970BED6-96C9-42BB-A3F6-C141FD9EA715}.AppStore|iPhoneSimulator.Build.0 = Release|Any CPU
		{F970BED6-96C9-42BB-A3F6-C141FD9EA715}.AppStore|x64.ActiveCfg = Release|Any CPU
		{F970BED6-96C9-42BB-A3F6-C141FD9EA715}.AppStore|x64.Build.0 = Release|Any CPU
		{F970BED6-96C9-42BB-A3F6-C141FD9EA715}.AppStore|x86.ActiveCfg = Release|Any CPU
		{F970BED6-96C9-42BB-A3F6-C141FD9EA715}.AppStore|x86.Build.0 = Release|Any CPU
		{F970BED6-96C9-42BB-A3F6-C141FD9EA715}.Debug|Any CPU.ActiveCfg = Debug|Any CPU
		{F970BED6-96C9-42BB-A3F6-C141FD9EA715}.Debug|Any CPU.Build.0 = Debug|Any CPU
		{F970BED6-96C9-42BB-A3F6-C141FD9EA715}.Debug|ARM.ActiveCfg = Debug|Any CPU
		{F970BED6-96C9-42BB-A3F6-C141FD9EA715}.Debug|ARM.Build.0 = Debug|Any CPU
		{F970BED6-96C9-42BB-A3F6-C141FD9EA715}.Debug|ARM64.ActiveCfg = Debug|Any CPU
		{F970BED6-96C9-42BB-A3F6-C141FD9EA715}.Debug|ARM64.Build.0 = Debug|Any CPU
		{F970BED6-96C9-42BB-A3F6-C141FD9EA715}.Debug|iPhone.ActiveCfg = Debug|Any CPU
		{F970BED6-96C9-42BB-A3F6-C141FD9EA715}.Debug|iPhone.Build.0 = Debug|Any CPU
		{F970BED6-96C9-42BB-A3F6-C141FD9EA715}.Debug|iPhoneSimulator.ActiveCfg = Debug|Any CPU
		{F970BED6-96C9-42BB-A3F6-C141FD9EA715}.Debug|iPhoneSimulator.Build.0 = Debug|Any CPU
		{F970BED6-96C9-42BB-A3F6-C141FD9EA715}.Debug|x64.ActiveCfg = Debug|Any CPU
		{F970BED6-96C9-42BB-A3F6-C141FD9EA715}.Debug|x64.Build.0 = Debug|Any CPU
		{F970BED6-96C9-42BB-A3F6-C141FD9EA715}.Debug|x86.ActiveCfg = Debug|Any CPU
		{F970BED6-96C9-42BB-A3F6-C141FD9EA715}.Debug|x86.Build.0 = Debug|Any CPU
		{F970BED6-96C9-42BB-A3F6-C141FD9EA715}.Release|Any CPU.ActiveCfg = Release|Any CPU
		{F970BED6-96C9-42BB-A3F6-C141FD9EA715}.Release|Any CPU.Build.0 = Release|Any CPU
		{F970BED6-96C9-42BB-A3F6-C141FD9EA715}.Release|ARM.ActiveCfg = Release|Any CPU
		{F970BED6-96C9-42BB-A3F6-C141FD9EA715}.Release|ARM.Build.0 = Release|Any CPU
		{F970BED6-96C9-42BB-A3F6-C141FD9EA715}.Release|ARM64.ActiveCfg = Release|Any CPU
		{F970BED6-96C9-42BB-A3F6-C141FD9EA715}.Release|ARM64.Build.0 = Release|Any CPU
		{F970BED6-96C9-42BB-A3F6-C141FD9EA715}.Release|iPhone.ActiveCfg = Release|Any CPU
		{F970BED6-96C9-42BB-A3F6-C141FD9EA715}.Release|iPhone.Build.0 = Release|Any CPU
		{F970BED6-96C9-42BB-A3F6-C141FD9EA715}.Release|iPhoneSimulator.ActiveCfg = Release|Any CPU
		{F970BED6-96C9-42BB-A3F6-C141FD9EA715}.Release|iPhoneSimulator.Build.0 = Release|Any CPU
		{F970BED6-96C9-42BB-A3F6-C141FD9EA715}.Release|x64.ActiveCfg = Release|Any CPU
		{F970BED6-96C9-42BB-A3F6-C141FD9EA715}.Release|x64.Build.0 = Release|Any CPU
		{F970BED6-96C9-42BB-A3F6-C141FD9EA715}.Release|x86.ActiveCfg = Release|Any CPU
		{F970BED6-96C9-42BB-A3F6-C141FD9EA715}.Release|x86.Build.0 = Release|Any CPU
		{EE74B884-6E2B-4D73-B5E3-B2C22BF4B2FF}.Ad-Hoc|Any CPU.ActiveCfg = Release|Any CPU
		{EE74B884-6E2B-4D73-B5E3-B2C22BF4B2FF}.Ad-Hoc|Any CPU.Build.0 = Release|Any CPU
		{EE74B884-6E2B-4D73-B5E3-B2C22BF4B2FF}.Ad-Hoc|ARM.ActiveCfg = Release|Any CPU
		{EE74B884-6E2B-4D73-B5E3-B2C22BF4B2FF}.Ad-Hoc|ARM.Build.0 = Release|Any CPU
		{EE74B884-6E2B-4D73-B5E3-B2C22BF4B2FF}.Ad-Hoc|ARM64.ActiveCfg = Release|Any CPU
		{EE74B884-6E2B-4D73-B5E3-B2C22BF4B2FF}.Ad-Hoc|ARM64.Build.0 = Release|Any CPU
		{EE74B884-6E2B-4D73-B5E3-B2C22BF4B2FF}.Ad-Hoc|iPhone.ActiveCfg = Debug|Any CPU
		{EE74B884-6E2B-4D73-B5E3-B2C22BF4B2FF}.Ad-Hoc|iPhone.Build.0 = Debug|Any CPU
		{EE74B884-6E2B-4D73-B5E3-B2C22BF4B2FF}.Ad-Hoc|iPhoneSimulator.ActiveCfg = Release|Any CPU
		{EE74B884-6E2B-4D73-B5E3-B2C22BF4B2FF}.Ad-Hoc|iPhoneSimulator.Build.0 = Release|Any CPU
		{EE74B884-6E2B-4D73-B5E3-B2C22BF4B2FF}.Ad-Hoc|x64.ActiveCfg = Release|Any CPU
		{EE74B884-6E2B-4D73-B5E3-B2C22BF4B2FF}.Ad-Hoc|x64.Build.0 = Release|Any CPU
		{EE74B884-6E2B-4D73-B5E3-B2C22BF4B2FF}.Ad-Hoc|x86.ActiveCfg = Release|Any CPU
		{EE74B884-6E2B-4D73-B5E3-B2C22BF4B2FF}.Ad-Hoc|x86.Build.0 = Release|Any CPU
		{EE74B884-6E2B-4D73-B5E3-B2C22BF4B2FF}.AppStore|Any CPU.ActiveCfg = Release|Any CPU
		{EE74B884-6E2B-4D73-B5E3-B2C22BF4B2FF}.AppStore|Any CPU.Build.0 = Release|Any CPU
		{EE74B884-6E2B-4D73-B5E3-B2C22BF4B2FF}.AppStore|ARM.ActiveCfg = Release|Any CPU
		{EE74B884-6E2B-4D73-B5E3-B2C22BF4B2FF}.AppStore|ARM.Build.0 = Release|Any CPU
		{EE74B884-6E2B-4D73-B5E3-B2C22BF4B2FF}.AppStore|ARM64.ActiveCfg = Release|Any CPU
		{EE74B884-6E2B-4D73-B5E3-B2C22BF4B2FF}.AppStore|ARM64.Build.0 = Release|Any CPU
		{EE74B884-6E2B-4D73-B5E3-B2C22BF4B2FF}.AppStore|iPhone.ActiveCfg = Debug|Any CPU
		{EE74B884-6E2B-4D73-B5E3-B2C22BF4B2FF}.AppStore|iPhone.Build.0 = Debug|Any CPU
		{EE74B884-6E2B-4D73-B5E3-B2C22BF4B2FF}.AppStore|iPhoneSimulator.ActiveCfg = Release|Any CPU
		{EE74B884-6E2B-4D73-B5E3-B2C22BF4B2FF}.AppStore|iPhoneSimulator.Build.0 = Release|Any CPU
		{EE74B884-6E2B-4D73-B5E3-B2C22BF4B2FF}.AppStore|x64.ActiveCfg = Release|Any CPU
		{EE74B884-6E2B-4D73-B5E3-B2C22BF4B2FF}.AppStore|x64.Build.0 = Release|Any CPU
		{EE74B884-6E2B-4D73-B5E3-B2C22BF4B2FF}.AppStore|x86.ActiveCfg = Release|Any CPU
		{EE74B884-6E2B-4D73-B5E3-B2C22BF4B2FF}.AppStore|x86.Build.0 = Release|Any CPU
		{EE74B884-6E2B-4D73-B5E3-B2C22BF4B2FF}.Debug|Any CPU.ActiveCfg = Debug|Any CPU
		{EE74B884-6E2B-4D73-B5E3-B2C22BF4B2FF}.Debug|Any CPU.Build.0 = Debug|Any CPU
		{EE74B884-6E2B-4D73-B5E3-B2C22BF4B2FF}.Debug|ARM.ActiveCfg = Debug|Any CPU
		{EE74B884-6E2B-4D73-B5E3-B2C22BF4B2FF}.Debug|ARM.Build.0 = Debug|Any CPU
		{EE74B884-6E2B-4D73-B5E3-B2C22BF4B2FF}.Debug|ARM64.ActiveCfg = Debug|Any CPU
		{EE74B884-6E2B-4D73-B5E3-B2C22BF4B2FF}.Debug|ARM64.Build.0 = Debug|Any CPU
		{EE74B884-6E2B-4D73-B5E3-B2C22BF4B2FF}.Debug|iPhone.ActiveCfg = Debug|Any CPU
		{EE74B884-6E2B-4D73-B5E3-B2C22BF4B2FF}.Debug|iPhone.Build.0 = Debug|Any CPU
		{EE74B884-6E2B-4D73-B5E3-B2C22BF4B2FF}.Debug|iPhoneSimulator.ActiveCfg = Debug|Any CPU
		{EE74B884-6E2B-4D73-B5E3-B2C22BF4B2FF}.Debug|iPhoneSimulator.Build.0 = Debug|Any CPU
		{EE74B884-6E2B-4D73-B5E3-B2C22BF4B2FF}.Debug|x64.ActiveCfg = Debug|Any CPU
		{EE74B884-6E2B-4D73-B5E3-B2C22BF4B2FF}.Debug|x64.Build.0 = Debug|Any CPU
		{EE74B884-6E2B-4D73-B5E3-B2C22BF4B2FF}.Debug|x86.ActiveCfg = Debug|Any CPU
		{EE74B884-6E2B-4D73-B5E3-B2C22BF4B2FF}.Debug|x86.Build.0 = Debug|Any CPU
		{EE74B884-6E2B-4D73-B5E3-B2C22BF4B2FF}.Release|Any CPU.ActiveCfg = Release|Any CPU
		{EE74B884-6E2B-4D73-B5E3-B2C22BF4B2FF}.Release|Any CPU.Build.0 = Release|Any CPU
		{EE74B884-6E2B-4D73-B5E3-B2C22BF4B2FF}.Release|ARM.ActiveCfg = Release|Any CPU
		{EE74B884-6E2B-4D73-B5E3-B2C22BF4B2FF}.Release|ARM.Build.0 = Release|Any CPU
		{EE74B884-6E2B-4D73-B5E3-B2C22BF4B2FF}.Release|ARM64.ActiveCfg = Release|Any CPU
		{EE74B884-6E2B-4D73-B5E3-B2C22BF4B2FF}.Release|ARM64.Build.0 = Release|Any CPU
		{EE74B884-6E2B-4D73-B5E3-B2C22BF4B2FF}.Release|iPhone.ActiveCfg = Release|Any CPU
		{EE74B884-6E2B-4D73-B5E3-B2C22BF4B2FF}.Release|iPhone.Build.0 = Release|Any CPU
		{EE74B884-6E2B-4D73-B5E3-B2C22BF4B2FF}.Release|iPhoneSimulator.ActiveCfg = Release|Any CPU
		{EE74B884-6E2B-4D73-B5E3-B2C22BF4B2FF}.Release|iPhoneSimulator.Build.0 = Release|Any CPU
		{EE74B884-6E2B-4D73-B5E3-B2C22BF4B2FF}.Release|x64.ActiveCfg = Release|Any CPU
		{EE74B884-6E2B-4D73-B5E3-B2C22BF4B2FF}.Release|x64.Build.0 = Release|Any CPU
		{EE74B884-6E2B-4D73-B5E3-B2C22BF4B2FF}.Release|x86.ActiveCfg = Release|Any CPU
		{EE74B884-6E2B-4D73-B5E3-B2C22BF4B2FF}.Release|x86.Build.0 = Release|Any CPU
		{9A511A00-B27F-42FC-B398-5ABE4D60C2E1}.Ad-Hoc|Any CPU.ActiveCfg = Release|x64
		{9A511A00-B27F-42FC-B398-5ABE4D60C2E1}.Ad-Hoc|Any CPU.Build.0 = Release|x64
		{9A511A00-B27F-42FC-B398-5ABE4D60C2E1}.Ad-Hoc|Any CPU.Deploy.0 = Release|x64
		{9A511A00-B27F-42FC-B398-5ABE4D60C2E1}.Ad-Hoc|ARM.ActiveCfg = Release|ARM
		{9A511A00-B27F-42FC-B398-5ABE4D60C2E1}.Ad-Hoc|ARM.Build.0 = Release|ARM
		{9A511A00-B27F-42FC-B398-5ABE4D60C2E1}.Ad-Hoc|ARM.Deploy.0 = Release|ARM
		{9A511A00-B27F-42FC-B398-5ABE4D60C2E1}.Ad-Hoc|ARM64.ActiveCfg = Release|ARM64
		{9A511A00-B27F-42FC-B398-5ABE4D60C2E1}.Ad-Hoc|ARM64.Build.0 = Release|ARM64
		{9A511A00-B27F-42FC-B398-5ABE4D60C2E1}.Ad-Hoc|ARM64.Deploy.0 = Release|ARM64
		{9A511A00-B27F-42FC-B398-5ABE4D60C2E1}.Ad-Hoc|iPhone.ActiveCfg = Debug|x86
		{9A511A00-B27F-42FC-B398-5ABE4D60C2E1}.Ad-Hoc|iPhone.Build.0 = Debug|x86
		{9A511A00-B27F-42FC-B398-5ABE4D60C2E1}.Ad-Hoc|iPhoneSimulator.ActiveCfg = Release|x64
		{9A511A00-B27F-42FC-B398-5ABE4D60C2E1}.Ad-Hoc|iPhoneSimulator.Build.0 = Release|x64
		{9A511A00-B27F-42FC-B398-5ABE4D60C2E1}.Ad-Hoc|iPhoneSimulator.Deploy.0 = Release|x64
		{9A511A00-B27F-42FC-B398-5ABE4D60C2E1}.Ad-Hoc|x64.ActiveCfg = Release|x64
		{9A511A00-B27F-42FC-B398-5ABE4D60C2E1}.Ad-Hoc|x64.Build.0 = Release|x64
		{9A511A00-B27F-42FC-B398-5ABE4D60C2E1}.Ad-Hoc|x64.Deploy.0 = Release|x64
		{9A511A00-B27F-42FC-B398-5ABE4D60C2E1}.Ad-Hoc|x86.ActiveCfg = Release|x86
		{9A511A00-B27F-42FC-B398-5ABE4D60C2E1}.Ad-Hoc|x86.Build.0 = Release|x86
		{9A511A00-B27F-42FC-B398-5ABE4D60C2E1}.Ad-Hoc|x86.Deploy.0 = Release|x86
		{9A511A00-B27F-42FC-B398-5ABE4D60C2E1}.AppStore|Any CPU.ActiveCfg = Release|x64
		{9A511A00-B27F-42FC-B398-5ABE4D60C2E1}.AppStore|Any CPU.Build.0 = Release|x64
		{9A511A00-B27F-42FC-B398-5ABE4D60C2E1}.AppStore|Any CPU.Deploy.0 = Release|x64
		{9A511A00-B27F-42FC-B398-5ABE4D60C2E1}.AppStore|ARM.ActiveCfg = Release|ARM
		{9A511A00-B27F-42FC-B398-5ABE4D60C2E1}.AppStore|ARM.Build.0 = Release|ARM
		{9A511A00-B27F-42FC-B398-5ABE4D60C2E1}.AppStore|ARM.Deploy.0 = Release|ARM
		{9A511A00-B27F-42FC-B398-5ABE4D60C2E1}.AppStore|ARM64.ActiveCfg = Release|ARM64
		{9A511A00-B27F-42FC-B398-5ABE4D60C2E1}.AppStore|ARM64.Build.0 = Release|ARM64
		{9A511A00-B27F-42FC-B398-5ABE4D60C2E1}.AppStore|ARM64.Deploy.0 = Release|ARM64
		{9A511A00-B27F-42FC-B398-5ABE4D60C2E1}.AppStore|iPhone.ActiveCfg = Debug|x86
		{9A511A00-B27F-42FC-B398-5ABE4D60C2E1}.AppStore|iPhone.Build.0 = Debug|x86
		{9A511A00-B27F-42FC-B398-5ABE4D60C2E1}.AppStore|iPhoneSimulator.ActiveCfg = Release|x64
		{9A511A00-B27F-42FC-B398-5ABE4D60C2E1}.AppStore|iPhoneSimulator.Build.0 = Release|x64
		{9A511A00-B27F-42FC-B398-5ABE4D60C2E1}.AppStore|iPhoneSimulator.Deploy.0 = Release|x64
		{9A511A00-B27F-42FC-B398-5ABE4D60C2E1}.AppStore|x64.ActiveCfg = Release|x64
		{9A511A00-B27F-42FC-B398-5ABE4D60C2E1}.AppStore|x64.Build.0 = Release|x64
		{9A511A00-B27F-42FC-B398-5ABE4D60C2E1}.AppStore|x64.Deploy.0 = Release|x64
		{9A511A00-B27F-42FC-B398-5ABE4D60C2E1}.AppStore|x86.ActiveCfg = Release|x86
		{9A511A00-B27F-42FC-B398-5ABE4D60C2E1}.AppStore|x86.Build.0 = Release|x86
		{9A511A00-B27F-42FC-B398-5ABE4D60C2E1}.AppStore|x86.Deploy.0 = Release|x86
		{9A511A00-B27F-42FC-B398-5ABE4D60C2E1}.Debug|Any CPU.ActiveCfg = Debug|x86
		{9A511A00-B27F-42FC-B398-5ABE4D60C2E1}.Debug|ARM.ActiveCfg = Debug|ARM
		{9A511A00-B27F-42FC-B398-5ABE4D60C2E1}.Debug|ARM.Build.0 = Debug|ARM
		{9A511A00-B27F-42FC-B398-5ABE4D60C2E1}.Debug|ARM.Deploy.0 = Debug|ARM
		{9A511A00-B27F-42FC-B398-5ABE4D60C2E1}.Debug|ARM64.ActiveCfg = Debug|ARM64
		{9A511A00-B27F-42FC-B398-5ABE4D60C2E1}.Debug|ARM64.Build.0 = Debug|ARM64
		{9A511A00-B27F-42FC-B398-5ABE4D60C2E1}.Debug|ARM64.Deploy.0 = Debug|ARM64
		{9A511A00-B27F-42FC-B398-5ABE4D60C2E1}.Debug|iPhone.ActiveCfg = Debug|x86
		{9A511A00-B27F-42FC-B398-5ABE4D60C2E1}.Debug|iPhoneSimulator.ActiveCfg = Debug|x86
		{9A511A00-B27F-42FC-B398-5ABE4D60C2E1}.Debug|x64.ActiveCfg = Debug|x64
		{9A511A00-B27F-42FC-B398-5ABE4D60C2E1}.Debug|x64.Build.0 = Debug|x64
		{9A511A00-B27F-42FC-B398-5ABE4D60C2E1}.Debug|x64.Deploy.0 = Debug|x64
		{9A511A00-B27F-42FC-B398-5ABE4D60C2E1}.Debug|x86.ActiveCfg = Debug|x86
		{9A511A00-B27F-42FC-B398-5ABE4D60C2E1}.Debug|x86.Build.0 = Debug|x86
		{9A511A00-B27F-42FC-B398-5ABE4D60C2E1}.Debug|x86.Deploy.0 = Debug|x86
		{9A511A00-B27F-42FC-B398-5ABE4D60C2E1}.Release|Any CPU.ActiveCfg = Release|x86
		{9A511A00-B27F-42FC-B398-5ABE4D60C2E1}.Release|ARM.ActiveCfg = Release|ARM
		{9A511A00-B27F-42FC-B398-5ABE4D60C2E1}.Release|ARM.Build.0 = Release|ARM
		{9A511A00-B27F-42FC-B398-5ABE4D60C2E1}.Release|ARM.Deploy.0 = Release|ARM
		{9A511A00-B27F-42FC-B398-5ABE4D60C2E1}.Release|ARM64.ActiveCfg = Release|ARM64
		{9A511A00-B27F-42FC-B398-5ABE4D60C2E1}.Release|ARM64.Build.0 = Release|ARM64
		{9A511A00-B27F-42FC-B398-5ABE4D60C2E1}.Release|ARM64.Deploy.0 = Release|ARM64
		{9A511A00-B27F-42FC-B398-5ABE4D60C2E1}.Release|iPhone.ActiveCfg = Release|x86
		{9A511A00-B27F-42FC-B398-5ABE4D60C2E1}.Release|iPhoneSimulator.ActiveCfg = Release|x86
		{9A511A00-B27F-42FC-B398-5ABE4D60C2E1}.Release|x64.ActiveCfg = Release|x64
		{9A511A00-B27F-42FC-B398-5ABE4D60C2E1}.Release|x64.Build.0 = Release|x64
		{9A511A00-B27F-42FC-B398-5ABE4D60C2E1}.Release|x64.Deploy.0 = Release|x64
		{9A511A00-B27F-42FC-B398-5ABE4D60C2E1}.Release|x86.ActiveCfg = Release|x86
		{9A511A00-B27F-42FC-B398-5ABE4D60C2E1}.Release|x86.Build.0 = Release|x86
		{9A511A00-B27F-42FC-B398-5ABE4D60C2E1}.Release|x86.Deploy.0 = Release|x86
		{83D719E9-3D7B-4266-BE47-0FDEB92FECCB}.Ad-Hoc|Any CPU.ActiveCfg = Release|Any CPU
		{83D719E9-3D7B-4266-BE47-0FDEB92FECCB}.Ad-Hoc|Any CPU.Build.0 = Release|Any CPU
		{83D719E9-3D7B-4266-BE47-0FDEB92FECCB}.Ad-Hoc|ARM.ActiveCfg = Release|Any CPU
		{83D719E9-3D7B-4266-BE47-0FDEB92FECCB}.Ad-Hoc|ARM.Build.0 = Release|Any CPU
		{83D719E9-3D7B-4266-BE47-0FDEB92FECCB}.Ad-Hoc|ARM64.ActiveCfg = Release|Any CPU
		{83D719E9-3D7B-4266-BE47-0FDEB92FECCB}.Ad-Hoc|ARM64.Build.0 = Release|Any CPU
		{83D719E9-3D7B-4266-BE47-0FDEB92FECCB}.Ad-Hoc|iPhone.ActiveCfg = Debug|Any CPU
		{83D719E9-3D7B-4266-BE47-0FDEB92FECCB}.Ad-Hoc|iPhone.Build.0 = Debug|Any CPU
		{83D719E9-3D7B-4266-BE47-0FDEB92FECCB}.Ad-Hoc|iPhoneSimulator.ActiveCfg = Release|Any CPU
		{83D719E9-3D7B-4266-BE47-0FDEB92FECCB}.Ad-Hoc|iPhoneSimulator.Build.0 = Release|Any CPU
		{83D719E9-3D7B-4266-BE47-0FDEB92FECCB}.Ad-Hoc|x64.ActiveCfg = Release|Any CPU
		{83D719E9-3D7B-4266-BE47-0FDEB92FECCB}.Ad-Hoc|x64.Build.0 = Release|Any CPU
		{83D719E9-3D7B-4266-BE47-0FDEB92FECCB}.Ad-Hoc|x86.ActiveCfg = Release|Any CPU
		{83D719E9-3D7B-4266-BE47-0FDEB92FECCB}.Ad-Hoc|x86.Build.0 = Release|Any CPU
		{83D719E9-3D7B-4266-BE47-0FDEB92FECCB}.AppStore|Any CPU.ActiveCfg = Release|Any CPU
		{83D719E9-3D7B-4266-BE47-0FDEB92FECCB}.AppStore|Any CPU.Build.0 = Release|Any CPU
		{83D719E9-3D7B-4266-BE47-0FDEB92FECCB}.AppStore|ARM.ActiveCfg = Release|Any CPU
		{83D719E9-3D7B-4266-BE47-0FDEB92FECCB}.AppStore|ARM.Build.0 = Release|Any CPU
		{83D719E9-3D7B-4266-BE47-0FDEB92FECCB}.AppStore|ARM64.ActiveCfg = Release|Any CPU
		{83D719E9-3D7B-4266-BE47-0FDEB92FECCB}.AppStore|ARM64.Build.0 = Release|Any CPU
		{83D719E9-3D7B-4266-BE47-0FDEB92FECCB}.AppStore|iPhone.ActiveCfg = Debug|Any CPU
		{83D719E9-3D7B-4266-BE47-0FDEB92FECCB}.AppStore|iPhone.Build.0 = Debug|Any CPU
		{83D719E9-3D7B-4266-BE47-0FDEB92FECCB}.AppStore|iPhoneSimulator.ActiveCfg = Release|Any CPU
		{83D719E9-3D7B-4266-BE47-0FDEB92FECCB}.AppStore|iPhoneSimulator.Build.0 = Release|Any CPU
		{83D719E9-3D7B-4266-BE47-0FDEB92FECCB}.AppStore|x64.ActiveCfg = Release|Any CPU
		{83D719E9-3D7B-4266-BE47-0FDEB92FECCB}.AppStore|x64.Build.0 = Release|Any CPU
		{83D719E9-3D7B-4266-BE47-0FDEB92FECCB}.AppStore|x86.ActiveCfg = Release|Any CPU
		{83D719E9-3D7B-4266-BE47-0FDEB92FECCB}.AppStore|x86.Build.0 = Release|Any CPU
		{83D719E9-3D7B-4266-BE47-0FDEB92FECCB}.Debug|Any CPU.ActiveCfg = Debug|Any CPU
		{83D719E9-3D7B-4266-BE47-0FDEB92FECCB}.Debug|Any CPU.Build.0 = Debug|Any CPU
		{83D719E9-3D7B-4266-BE47-0FDEB92FECCB}.Debug|ARM.ActiveCfg = Debug|Any CPU
		{83D719E9-3D7B-4266-BE47-0FDEB92FECCB}.Debug|ARM.Build.0 = Debug|Any CPU
		{83D719E9-3D7B-4266-BE47-0FDEB92FECCB}.Debug|ARM64.ActiveCfg = Debug|Any CPU
		{83D719E9-3D7B-4266-BE47-0FDEB92FECCB}.Debug|ARM64.Build.0 = Debug|Any CPU
		{83D719E9-3D7B-4266-BE47-0FDEB92FECCB}.Debug|iPhone.ActiveCfg = Debug|Any CPU
		{83D719E9-3D7B-4266-BE47-0FDEB92FECCB}.Debug|iPhone.Build.0 = Debug|Any CPU
		{83D719E9-3D7B-4266-BE47-0FDEB92FECCB}.Debug|iPhoneSimulator.ActiveCfg = Debug|Any CPU
		{83D719E9-3D7B-4266-BE47-0FDEB92FECCB}.Debug|iPhoneSimulator.Build.0 = Debug|Any CPU
		{83D719E9-3D7B-4266-BE47-0FDEB92FECCB}.Debug|x64.ActiveCfg = Debug|Any CPU
		{83D719E9-3D7B-4266-BE47-0FDEB92FECCB}.Debug|x64.Build.0 = Debug|Any CPU
		{83D719E9-3D7B-4266-BE47-0FDEB92FECCB}.Debug|x86.ActiveCfg = Debug|Any CPU
		{83D719E9-3D7B-4266-BE47-0FDEB92FECCB}.Debug|x86.Build.0 = Debug|Any CPU
		{83D719E9-3D7B-4266-BE47-0FDEB92FECCB}.Release|Any CPU.ActiveCfg = Release|Any CPU
		{83D719E9-3D7B-4266-BE47-0FDEB92FECCB}.Release|Any CPU.Build.0 = Release|Any CPU
		{83D719E9-3D7B-4266-BE47-0FDEB92FECCB}.Release|ARM.ActiveCfg = Release|Any CPU
		{83D719E9-3D7B-4266-BE47-0FDEB92FECCB}.Release|ARM.Build.0 = Release|Any CPU
		{83D719E9-3D7B-4266-BE47-0FDEB92FECCB}.Release|ARM64.ActiveCfg = Release|Any CPU
		{83D719E9-3D7B-4266-BE47-0FDEB92FECCB}.Release|ARM64.Build.0 = Release|Any CPU
		{83D719E9-3D7B-4266-BE47-0FDEB92FECCB}.Release|iPhone.ActiveCfg = Release|Any CPU
		{83D719E9-3D7B-4266-BE47-0FDEB92FECCB}.Release|iPhone.Build.0 = Release|Any CPU
		{83D719E9-3D7B-4266-BE47-0FDEB92FECCB}.Release|iPhoneSimulator.ActiveCfg = Release|Any CPU
		{83D719E9-3D7B-4266-BE47-0FDEB92FECCB}.Release|iPhoneSimulator.Build.0 = Release|Any CPU
		{83D719E9-3D7B-4266-BE47-0FDEB92FECCB}.Release|x64.ActiveCfg = Release|Any CPU
		{83D719E9-3D7B-4266-BE47-0FDEB92FECCB}.Release|x64.Build.0 = Release|Any CPU
		{83D719E9-3D7B-4266-BE47-0FDEB92FECCB}.Release|x86.ActiveCfg = Release|Any CPU
		{83D719E9-3D7B-4266-BE47-0FDEB92FECCB}.Release|x86.Build.0 = Release|Any CPU
		{F70F519C-49D8-4178-B05B-C4A0391D7C91}.Ad-Hoc|Any CPU.ActiveCfg = Release|iPhoneSimulator
		{F70F519C-49D8-4178-B05B-C4A0391D7C91}.Ad-Hoc|Any CPU.Build.0 = Release|iPhoneSimulator
		{F70F519C-49D8-4178-B05B-C4A0391D7C91}.Ad-Hoc|ARM.ActiveCfg = Release|iPhoneSimulator
		{F70F519C-49D8-4178-B05B-C4A0391D7C91}.Ad-Hoc|ARM.Build.0 = Release|iPhoneSimulator
		{F70F519C-49D8-4178-B05B-C4A0391D7C91}.Ad-Hoc|ARM64.ActiveCfg = Release|iPhoneSimulator
		{F70F519C-49D8-4178-B05B-C4A0391D7C91}.Ad-Hoc|ARM64.Build.0 = Release|iPhoneSimulator
		{F70F519C-49D8-4178-B05B-C4A0391D7C91}.Ad-Hoc|iPhone.ActiveCfg = Release|iPhone
		{F70F519C-49D8-4178-B05B-C4A0391D7C91}.Ad-Hoc|iPhone.Build.0 = Release|iPhone
		{F70F519C-49D8-4178-B05B-C4A0391D7C91}.Ad-Hoc|iPhoneSimulator.ActiveCfg = Release|iPhoneSimulator
		{F70F519C-49D8-4178-B05B-C4A0391D7C91}.Ad-Hoc|iPhoneSimulator.Build.0 = Release|iPhoneSimulator
		{F70F519C-49D8-4178-B05B-C4A0391D7C91}.Ad-Hoc|x64.ActiveCfg = Release|iPhoneSimulator
		{F70F519C-49D8-4178-B05B-C4A0391D7C91}.Ad-Hoc|x64.Build.0 = Release|iPhoneSimulator
		{F70F519C-49D8-4178-B05B-C4A0391D7C91}.Ad-Hoc|x86.ActiveCfg = Release|iPhoneSimulator
		{F70F519C-49D8-4178-B05B-C4A0391D7C91}.Ad-Hoc|x86.Build.0 = Release|iPhoneSimulator
		{F70F519C-49D8-4178-B05B-C4A0391D7C91}.AppStore|Any CPU.ActiveCfg = Release|iPhoneSimulator
		{F70F519C-49D8-4178-B05B-C4A0391D7C91}.AppStore|Any CPU.Build.0 = Release|iPhoneSimulator
		{F70F519C-49D8-4178-B05B-C4A0391D7C91}.AppStore|ARM.ActiveCfg = Release|iPhoneSimulator
		{F70F519C-49D8-4178-B05B-C4A0391D7C91}.AppStore|ARM.Build.0 = Release|iPhoneSimulator
		{F70F519C-49D8-4178-B05B-C4A0391D7C91}.AppStore|ARM64.ActiveCfg = Release|iPhoneSimulator
		{F70F519C-49D8-4178-B05B-C4A0391D7C91}.AppStore|ARM64.Build.0 = Release|iPhoneSimulator
		{F70F519C-49D8-4178-B05B-C4A0391D7C91}.AppStore|iPhone.ActiveCfg = Release|iPhone
		{F70F519C-49D8-4178-B05B-C4A0391D7C91}.AppStore|iPhone.Build.0 = Release|iPhone
		{F70F519C-49D8-4178-B05B-C4A0391D7C91}.AppStore|iPhoneSimulator.ActiveCfg = Release|iPhoneSimulator
		{F70F519C-49D8-4178-B05B-C4A0391D7C91}.AppStore|iPhoneSimulator.Build.0 = Release|iPhoneSimulator
		{F70F519C-49D8-4178-B05B-C4A0391D7C91}.AppStore|x64.ActiveCfg = Release|iPhoneSimulator
		{F70F519C-49D8-4178-B05B-C4A0391D7C91}.AppStore|x64.Build.0 = Release|iPhoneSimulator
		{F70F519C-49D8-4178-B05B-C4A0391D7C91}.AppStore|x86.ActiveCfg = Release|iPhoneSimulator
		{F70F519C-49D8-4178-B05B-C4A0391D7C91}.AppStore|x86.Build.0 = Release|iPhoneSimulator
		{F70F519C-49D8-4178-B05B-C4A0391D7C91}.Debug|Any CPU.ActiveCfg = Debug|iPhoneSimulator
		{F70F519C-49D8-4178-B05B-C4A0391D7C91}.Debug|Any CPU.Build.0 = Debug|iPhoneSimulator
		{F70F519C-49D8-4178-B05B-C4A0391D7C91}.Debug|ARM.ActiveCfg = Debug|iPhoneSimulator
		{F70F519C-49D8-4178-B05B-C4A0391D7C91}.Debug|ARM.Build.0 = Debug|iPhoneSimulator
		{F70F519C-49D8-4178-B05B-C4A0391D7C91}.Debug|ARM64.ActiveCfg = Debug|iPhoneSimulator
		{F70F519C-49D8-4178-B05B-C4A0391D7C91}.Debug|ARM64.Build.0 = Debug|iPhoneSimulator
		{F70F519C-49D8-4178-B05B-C4A0391D7C91}.Debug|iPhone.ActiveCfg = Debug|iPhone
		{F70F519C-49D8-4178-B05B-C4A0391D7C91}.Debug|iPhone.Build.0 = Debug|iPhone
		{F70F519C-49D8-4178-B05B-C4A0391D7C91}.Debug|iPhoneSimulator.ActiveCfg = Debug|iPhoneSimulator
		{F70F519C-49D8-4178-B05B-C4A0391D7C91}.Debug|iPhoneSimulator.Build.0 = Debug|iPhoneSimulator
		{F70F519C-49D8-4178-B05B-C4A0391D7C91}.Debug|x64.ActiveCfg = Debug|iPhoneSimulator
		{F70F519C-49D8-4178-B05B-C4A0391D7C91}.Debug|x64.Build.0 = Debug|iPhoneSimulator
		{F70F519C-49D8-4178-B05B-C4A0391D7C91}.Debug|x86.ActiveCfg = Debug|iPhoneSimulator
		{F70F519C-49D8-4178-B05B-C4A0391D7C91}.Debug|x86.Build.0 = Debug|iPhoneSimulator
		{F70F519C-49D8-4178-B05B-C4A0391D7C91}.Release|Any CPU.ActiveCfg = Release|iPhone
		{F70F519C-49D8-4178-B05B-C4A0391D7C91}.Release|Any CPU.Build.0 = Release|iPhone
		{F70F519C-49D8-4178-B05B-C4A0391D7C91}.Release|ARM.ActiveCfg = Release|iPhone
		{F70F519C-49D8-4178-B05B-C4A0391D7C91}.Release|ARM.Build.0 = Release|iPhone
		{F70F519C-49D8-4178-B05B-C4A0391D7C91}.Release|ARM64.ActiveCfg = Release|iPhone
		{F70F519C-49D8-4178-B05B-C4A0391D7C91}.Release|ARM64.Build.0 = Release|iPhone
		{F70F519C-49D8-4178-B05B-C4A0391D7C91}.Release|iPhone.ActiveCfg = Release|iPhone
		{F70F519C-49D8-4178-B05B-C4A0391D7C91}.Release|iPhone.Build.0 = Release|iPhone
		{F70F519C-49D8-4178-B05B-C4A0391D7C91}.Release|iPhoneSimulator.ActiveCfg = Release|iPhoneSimulator
		{F70F519C-49D8-4178-B05B-C4A0391D7C91}.Release|iPhoneSimulator.Build.0 = Release|iPhoneSimulator
		{F70F519C-49D8-4178-B05B-C4A0391D7C91}.Release|x64.ActiveCfg = Release|iPhone
		{F70F519C-49D8-4178-B05B-C4A0391D7C91}.Release|x64.Build.0 = Release|iPhone
		{F70F519C-49D8-4178-B05B-C4A0391D7C91}.Release|x86.ActiveCfg = Release|iPhone
		{F70F519C-49D8-4178-B05B-C4A0391D7C91}.Release|x86.Build.0 = Release|iPhone
		{A2182B4A-A700-47BE-8905-65E8C258B87E}.Ad-Hoc|Any CPU.ActiveCfg = Debug|Any CPU
		{A2182B4A-A700-47BE-8905-65E8C258B87E}.Ad-Hoc|Any CPU.Build.0 = Debug|Any CPU
		{A2182B4A-A700-47BE-8905-65E8C258B87E}.Ad-Hoc|ARM.ActiveCfg = Debug|Any CPU
		{A2182B4A-A700-47BE-8905-65E8C258B87E}.Ad-Hoc|ARM.Build.0 = Debug|Any CPU
		{A2182B4A-A700-47BE-8905-65E8C258B87E}.Ad-Hoc|ARM64.ActiveCfg = Debug|Any CPU
		{A2182B4A-A700-47BE-8905-65E8C258B87E}.Ad-Hoc|ARM64.Build.0 = Debug|Any CPU
		{A2182B4A-A700-47BE-8905-65E8C258B87E}.Ad-Hoc|iPhone.ActiveCfg = Debug|Any CPU
		{A2182B4A-A700-47BE-8905-65E8C258B87E}.Ad-Hoc|iPhone.Build.0 = Debug|Any CPU
		{A2182B4A-A700-47BE-8905-65E8C258B87E}.Ad-Hoc|iPhoneSimulator.ActiveCfg = Debug|Any CPU
		{A2182B4A-A700-47BE-8905-65E8C258B87E}.Ad-Hoc|iPhoneSimulator.Build.0 = Debug|Any CPU
		{A2182B4A-A700-47BE-8905-65E8C258B87E}.Ad-Hoc|x64.ActiveCfg = Debug|Any CPU
		{A2182B4A-A700-47BE-8905-65E8C258B87E}.Ad-Hoc|x64.Build.0 = Debug|Any CPU
		{A2182B4A-A700-47BE-8905-65E8C258B87E}.Ad-Hoc|x86.ActiveCfg = Debug|Any CPU
		{A2182B4A-A700-47BE-8905-65E8C258B87E}.Ad-Hoc|x86.Build.0 = Debug|Any CPU
		{A2182B4A-A700-47BE-8905-65E8C258B87E}.AppStore|Any CPU.ActiveCfg = Debug|Any CPU
		{A2182B4A-A700-47BE-8905-65E8C258B87E}.AppStore|Any CPU.Build.0 = Debug|Any CPU
		{A2182B4A-A700-47BE-8905-65E8C258B87E}.AppStore|ARM.ActiveCfg = Debug|Any CPU
		{A2182B4A-A700-47BE-8905-65E8C258B87E}.AppStore|ARM.Build.0 = Debug|Any CPU
		{A2182B4A-A700-47BE-8905-65E8C258B87E}.AppStore|ARM64.ActiveCfg = Debug|Any CPU
		{A2182B4A-A700-47BE-8905-65E8C258B87E}.AppStore|ARM64.Build.0 = Debug|Any CPU
		{A2182B4A-A700-47BE-8905-65E8C258B87E}.AppStore|iPhone.ActiveCfg = Debug|Any CPU
		{A2182B4A-A700-47BE-8905-65E8C258B87E}.AppStore|iPhone.Build.0 = Debug|Any CPU
		{A2182B4A-A700-47BE-8905-65E8C258B87E}.AppStore|iPhoneSimulator.ActiveCfg = Debug|Any CPU
		{A2182B4A-A700-47BE-8905-65E8C258B87E}.AppStore|iPhoneSimulator.Build.0 = Debug|Any CPU
		{A2182B4A-A700-47BE-8905-65E8C258B87E}.AppStore|x64.ActiveCfg = Debug|Any CPU
		{A2182B4A-A700-47BE-8905-65E8C258B87E}.AppStore|x64.Build.0 = Debug|Any CPU
		{A2182B4A-A700-47BE-8905-65E8C258B87E}.AppStore|x86.ActiveCfg = Debug|Any CPU
		{A2182B4A-A700-47BE-8905-65E8C258B87E}.AppStore|x86.Build.0 = Debug|Any CPU
		{A2182B4A-A700-47BE-8905-65E8C258B87E}.Debug|Any CPU.ActiveCfg = Debug|Any CPU
		{A2182B4A-A700-47BE-8905-65E8C258B87E}.Debug|Any CPU.Build.0 = Debug|Any CPU
		{A2182B4A-A700-47BE-8905-65E8C258B87E}.Debug|ARM.ActiveCfg = Debug|Any CPU
		{A2182B4A-A700-47BE-8905-65E8C258B87E}.Debug|ARM.Build.0 = Debug|Any CPU
		{A2182B4A-A700-47BE-8905-65E8C258B87E}.Debug|ARM64.ActiveCfg = Debug|Any CPU
		{A2182B4A-A700-47BE-8905-65E8C258B87E}.Debug|ARM64.Build.0 = Debug|Any CPU
		{A2182B4A-A700-47BE-8905-65E8C258B87E}.Debug|iPhone.ActiveCfg = Debug|Any CPU
		{A2182B4A-A700-47BE-8905-65E8C258B87E}.Debug|iPhone.Build.0 = Debug|Any CPU
		{A2182B4A-A700-47BE-8905-65E8C258B87E}.Debug|iPhoneSimulator.ActiveCfg = Debug|Any CPU
		{A2182B4A-A700-47BE-8905-65E8C258B87E}.Debug|iPhoneSimulator.Build.0 = Debug|Any CPU
		{A2182B4A-A700-47BE-8905-65E8C258B87E}.Debug|x64.ActiveCfg = Debug|Any CPU
		{A2182B4A-A700-47BE-8905-65E8C258B87E}.Debug|x64.Build.0 = Debug|Any CPU
		{A2182B4A-A700-47BE-8905-65E8C258B87E}.Debug|x86.ActiveCfg = Debug|Any CPU
		{A2182B4A-A700-47BE-8905-65E8C258B87E}.Debug|x86.Build.0 = Debug|Any CPU
		{A2182B4A-A700-47BE-8905-65E8C258B87E}.Release|Any CPU.ActiveCfg = Release|Any CPU
		{A2182B4A-A700-47BE-8905-65E8C258B87E}.Release|Any CPU.Build.0 = Release|Any CPU
		{A2182B4A-A700-47BE-8905-65E8C258B87E}.Release|ARM.ActiveCfg = Release|Any CPU
		{A2182B4A-A700-47BE-8905-65E8C258B87E}.Release|ARM.Build.0 = Release|Any CPU
		{A2182B4A-A700-47BE-8905-65E8C258B87E}.Release|ARM64.ActiveCfg = Release|Any CPU
		{A2182B4A-A700-47BE-8905-65E8C258B87E}.Release|ARM64.Build.0 = Release|Any CPU
		{A2182B4A-A700-47BE-8905-65E8C258B87E}.Release|iPhone.ActiveCfg = Release|Any CPU
		{A2182B4A-A700-47BE-8905-65E8C258B87E}.Release|iPhone.Build.0 = Release|Any CPU
		{A2182B4A-A700-47BE-8905-65E8C258B87E}.Release|iPhoneSimulator.ActiveCfg = Release|Any CPU
		{A2182B4A-A700-47BE-8905-65E8C258B87E}.Release|iPhoneSimulator.Build.0 = Release|Any CPU
		{A2182B4A-A700-47BE-8905-65E8C258B87E}.Release|x64.ActiveCfg = Release|Any CPU
		{A2182B4A-A700-47BE-8905-65E8C258B87E}.Release|x64.Build.0 = Release|Any CPU
		{A2182B4A-A700-47BE-8905-65E8C258B87E}.Release|x86.ActiveCfg = Release|Any CPU
		{A2182B4A-A700-47BE-8905-65E8C258B87E}.Release|x86.Build.0 = Release|Any CPU
		{EBAB995B-ABCF-488A-A3FA-726F99CFC9A2}.Ad-Hoc|Any CPU.ActiveCfg = Ad-Hoc|iPhone
		{EBAB995B-ABCF-488A-A3FA-726F99CFC9A2}.Ad-Hoc|ARM.ActiveCfg = Ad-Hoc|iPhone
		{EBAB995B-ABCF-488A-A3FA-726F99CFC9A2}.Ad-Hoc|ARM64.ActiveCfg = Ad-Hoc|iPhone
		{EBAB995B-ABCF-488A-A3FA-726F99CFC9A2}.Ad-Hoc|iPhone.ActiveCfg = Ad-Hoc|iPhone
		{EBAB995B-ABCF-488A-A3FA-726F99CFC9A2}.Ad-Hoc|iPhone.Build.0 = Ad-Hoc|iPhone
		{EBAB995B-ABCF-488A-A3FA-726F99CFC9A2}.Ad-Hoc|iPhoneSimulator.ActiveCfg = Ad-Hoc|iPhoneSimulator
		{EBAB995B-ABCF-488A-A3FA-726F99CFC9A2}.Ad-Hoc|iPhoneSimulator.Build.0 = Ad-Hoc|iPhoneSimulator
		{EBAB995B-ABCF-488A-A3FA-726F99CFC9A2}.Ad-Hoc|x64.ActiveCfg = Ad-Hoc|iPhone
		{EBAB995B-ABCF-488A-A3FA-726F99CFC9A2}.Ad-Hoc|x86.ActiveCfg = Ad-Hoc|iPhone
		{EBAB995B-ABCF-488A-A3FA-726F99CFC9A2}.AppStore|Any CPU.ActiveCfg = AppStore|iPhone
		{EBAB995B-ABCF-488A-A3FA-726F99CFC9A2}.AppStore|ARM.ActiveCfg = AppStore|iPhone
		{EBAB995B-ABCF-488A-A3FA-726F99CFC9A2}.AppStore|ARM64.ActiveCfg = AppStore|iPhone
		{EBAB995B-ABCF-488A-A3FA-726F99CFC9A2}.AppStore|iPhone.ActiveCfg = AppStore|iPhone
		{EBAB995B-ABCF-488A-A3FA-726F99CFC9A2}.AppStore|iPhone.Build.0 = AppStore|iPhone
		{EBAB995B-ABCF-488A-A3FA-726F99CFC9A2}.AppStore|iPhoneSimulator.ActiveCfg = AppStore|iPhoneSimulator
		{EBAB995B-ABCF-488A-A3FA-726F99CFC9A2}.AppStore|iPhoneSimulator.Build.0 = AppStore|iPhoneSimulator
		{EBAB995B-ABCF-488A-A3FA-726F99CFC9A2}.AppStore|x64.ActiveCfg = AppStore|iPhone
		{EBAB995B-ABCF-488A-A3FA-726F99CFC9A2}.AppStore|x86.ActiveCfg = AppStore|iPhone
		{EBAB995B-ABCF-488A-A3FA-726F99CFC9A2}.Debug|Any CPU.ActiveCfg = Debug|iPhone
		{EBAB995B-ABCF-488A-A3FA-726F99CFC9A2}.Debug|ARM.ActiveCfg = Debug|iPhone
		{EBAB995B-ABCF-488A-A3FA-726F99CFC9A2}.Debug|ARM64.ActiveCfg = Debug|iPhone
		{EBAB995B-ABCF-488A-A3FA-726F99CFC9A2}.Debug|iPhone.ActiveCfg = Debug|iPhone
		{EBAB995B-ABCF-488A-A3FA-726F99CFC9A2}.Debug|iPhone.Build.0 = Debug|iPhone
		{EBAB995B-ABCF-488A-A3FA-726F99CFC9A2}.Debug|iPhoneSimulator.ActiveCfg = Debug|iPhoneSimulator
		{EBAB995B-ABCF-488A-A3FA-726F99CFC9A2}.Debug|iPhoneSimulator.Build.0 = Debug|iPhoneSimulator
		{EBAB995B-ABCF-488A-A3FA-726F99CFC9A2}.Debug|x64.ActiveCfg = Debug|iPhone
		{EBAB995B-ABCF-488A-A3FA-726F99CFC9A2}.Debug|x86.ActiveCfg = Debug|iPhone
		{EBAB995B-ABCF-488A-A3FA-726F99CFC9A2}.Release|Any CPU.ActiveCfg = Release|iPhone
		{EBAB995B-ABCF-488A-A3FA-726F99CFC9A2}.Release|ARM.ActiveCfg = Release|iPhone
		{EBAB995B-ABCF-488A-A3FA-726F99CFC9A2}.Release|ARM64.ActiveCfg = Release|iPhone
		{EBAB995B-ABCF-488A-A3FA-726F99CFC9A2}.Release|iPhone.ActiveCfg = Release|iPhone
		{EBAB995B-ABCF-488A-A3FA-726F99CFC9A2}.Release|iPhone.Build.0 = Release|iPhone
		{EBAB995B-ABCF-488A-A3FA-726F99CFC9A2}.Release|iPhoneSimulator.ActiveCfg = Release|iPhoneSimulator
		{EBAB995B-ABCF-488A-A3FA-726F99CFC9A2}.Release|iPhoneSimulator.Build.0 = Release|iPhoneSimulator
		{EBAB995B-ABCF-488A-A3FA-726F99CFC9A2}.Release|x64.ActiveCfg = Release|iPhone
		{EBAB995B-ABCF-488A-A3FA-726F99CFC9A2}.Release|x86.ActiveCfg = Release|iPhone
		{18BF7E9A-D417-4673-9CF2-D23C130036E6}.Ad-Hoc|Any CPU.ActiveCfg = Debug|Any CPU
		{18BF7E9A-D417-4673-9CF2-D23C130036E6}.Ad-Hoc|Any CPU.Build.0 = Debug|Any CPU
		{18BF7E9A-D417-4673-9CF2-D23C130036E6}.Ad-Hoc|Any CPU.Deploy.0 = Debug|Any CPU
		{18BF7E9A-D417-4673-9CF2-D23C130036E6}.Ad-Hoc|ARM.ActiveCfg = Release|ARM
		{18BF7E9A-D417-4673-9CF2-D23C130036E6}.Ad-Hoc|ARM.Build.0 = Release|ARM
		{18BF7E9A-D417-4673-9CF2-D23C130036E6}.Ad-Hoc|ARM.Deploy.0 = Release|ARM
		{18BF7E9A-D417-4673-9CF2-D23C130036E6}.Ad-Hoc|ARM64.ActiveCfg = Release|ARM64
		{18BF7E9A-D417-4673-9CF2-D23C130036E6}.Ad-Hoc|ARM64.Build.0 = Release|ARM64
		{18BF7E9A-D417-4673-9CF2-D23C130036E6}.Ad-Hoc|ARM64.Deploy.0 = Release|ARM64
		{18BF7E9A-D417-4673-9CF2-D23C130036E6}.Ad-Hoc|iPhone.ActiveCfg = Debug|Any CPU
		{18BF7E9A-D417-4673-9CF2-D23C130036E6}.Ad-Hoc|iPhone.Build.0 = Debug|Any CPU
		{18BF7E9A-D417-4673-9CF2-D23C130036E6}.Ad-Hoc|iPhone.Deploy.0 = Debug|Any CPU
		{18BF7E9A-D417-4673-9CF2-D23C130036E6}.Ad-Hoc|iPhoneSimulator.ActiveCfg = Debug|Any CPU
		{18BF7E9A-D417-4673-9CF2-D23C130036E6}.Ad-Hoc|iPhoneSimulator.Build.0 = Debug|Any CPU
		{18BF7E9A-D417-4673-9CF2-D23C130036E6}.Ad-Hoc|iPhoneSimulator.Deploy.0 = Debug|Any CPU
		{18BF7E9A-D417-4673-9CF2-D23C130036E6}.Ad-Hoc|x64.ActiveCfg = Release|x64
		{18BF7E9A-D417-4673-9CF2-D23C130036E6}.Ad-Hoc|x64.Build.0 = Release|x64
		{18BF7E9A-D417-4673-9CF2-D23C130036E6}.Ad-Hoc|x64.Deploy.0 = Release|x64
		{18BF7E9A-D417-4673-9CF2-D23C130036E6}.Ad-Hoc|x86.ActiveCfg = Release|x86
		{18BF7E9A-D417-4673-9CF2-D23C130036E6}.Ad-Hoc|x86.Build.0 = Release|x86
		{18BF7E9A-D417-4673-9CF2-D23C130036E6}.Ad-Hoc|x86.Deploy.0 = Release|x86
		{18BF7E9A-D417-4673-9CF2-D23C130036E6}.AppStore|Any CPU.ActiveCfg = Debug|Any CPU
		{18BF7E9A-D417-4673-9CF2-D23C130036E6}.AppStore|Any CPU.Build.0 = Debug|Any CPU
		{18BF7E9A-D417-4673-9CF2-D23C130036E6}.AppStore|Any CPU.Deploy.0 = Debug|Any CPU
		{18BF7E9A-D417-4673-9CF2-D23C130036E6}.AppStore|ARM.ActiveCfg = Release|ARM
		{18BF7E9A-D417-4673-9CF2-D23C130036E6}.AppStore|ARM.Build.0 = Release|ARM
		{18BF7E9A-D417-4673-9CF2-D23C130036E6}.AppStore|ARM.Deploy.0 = Release|ARM
		{18BF7E9A-D417-4673-9CF2-D23C130036E6}.AppStore|ARM64.ActiveCfg = Release|ARM64
		{18BF7E9A-D417-4673-9CF2-D23C130036E6}.AppStore|ARM64.Build.0 = Release|ARM64
		{18BF7E9A-D417-4673-9CF2-D23C130036E6}.AppStore|ARM64.Deploy.0 = Release|ARM64
		{18BF7E9A-D417-4673-9CF2-D23C130036E6}.AppStore|iPhone.ActiveCfg = Debug|Any CPU
		{18BF7E9A-D417-4673-9CF2-D23C130036E6}.AppStore|iPhone.Build.0 = Debug|Any CPU
		{18BF7E9A-D417-4673-9CF2-D23C130036E6}.AppStore|iPhone.Deploy.0 = Debug|Any CPU
		{18BF7E9A-D417-4673-9CF2-D23C130036E6}.AppStore|iPhoneSimulator.ActiveCfg = Debug|Any CPU
		{18BF7E9A-D417-4673-9CF2-D23C130036E6}.AppStore|iPhoneSimulator.Build.0 = Debug|Any CPU
		{18BF7E9A-D417-4673-9CF2-D23C130036E6}.AppStore|iPhoneSimulator.Deploy.0 = Debug|Any CPU
		{18BF7E9A-D417-4673-9CF2-D23C130036E6}.AppStore|x64.ActiveCfg = Release|x64
		{18BF7E9A-D417-4673-9CF2-D23C130036E6}.AppStore|x64.Build.0 = Release|x64
		{18BF7E9A-D417-4673-9CF2-D23C130036E6}.AppStore|x64.Deploy.0 = Release|x64
		{18BF7E9A-D417-4673-9CF2-D23C130036E6}.AppStore|x86.ActiveCfg = Release|x86
		{18BF7E9A-D417-4673-9CF2-D23C130036E6}.AppStore|x86.Build.0 = Release|x86
		{18BF7E9A-D417-4673-9CF2-D23C130036E6}.AppStore|x86.Deploy.0 = Release|x86
		{18BF7E9A-D417-4673-9CF2-D23C130036E6}.Debug|Any CPU.ActiveCfg = Debug|Any CPU
		{18BF7E9A-D417-4673-9CF2-D23C130036E6}.Debug|Any CPU.Build.0 = Debug|Any CPU
		{18BF7E9A-D417-4673-9CF2-D23C130036E6}.Debug|Any CPU.Deploy.0 = Debug|Any CPU
		{18BF7E9A-D417-4673-9CF2-D23C130036E6}.Debug|ARM.ActiveCfg = Debug|ARM
		{18BF7E9A-D417-4673-9CF2-D23C130036E6}.Debug|ARM.Build.0 = Debug|ARM
		{18BF7E9A-D417-4673-9CF2-D23C130036E6}.Debug|ARM.Deploy.0 = Debug|ARM
		{18BF7E9A-D417-4673-9CF2-D23C130036E6}.Debug|ARM64.ActiveCfg = Debug|ARM64
		{18BF7E9A-D417-4673-9CF2-D23C130036E6}.Debug|ARM64.Build.0 = Debug|ARM64
		{18BF7E9A-D417-4673-9CF2-D23C130036E6}.Debug|ARM64.Deploy.0 = Debug|ARM64
		{18BF7E9A-D417-4673-9CF2-D23C130036E6}.Debug|iPhone.ActiveCfg = Debug|Any CPU
		{18BF7E9A-D417-4673-9CF2-D23C130036E6}.Debug|iPhone.Build.0 = Debug|Any CPU
		{18BF7E9A-D417-4673-9CF2-D23C130036E6}.Debug|iPhone.Deploy.0 = Debug|Any CPU
		{18BF7E9A-D417-4673-9CF2-D23C130036E6}.Debug|iPhoneSimulator.ActiveCfg = Debug|Any CPU
		{18BF7E9A-D417-4673-9CF2-D23C130036E6}.Debug|iPhoneSimulator.Build.0 = Debug|Any CPU
		{18BF7E9A-D417-4673-9CF2-D23C130036E6}.Debug|iPhoneSimulator.Deploy.0 = Debug|Any CPU
		{18BF7E9A-D417-4673-9CF2-D23C130036E6}.Debug|x64.ActiveCfg = Debug|x64
		{18BF7E9A-D417-4673-9CF2-D23C130036E6}.Debug|x64.Build.0 = Debug|x64
		{18BF7E9A-D417-4673-9CF2-D23C130036E6}.Debug|x64.Deploy.0 = Debug|x64
		{18BF7E9A-D417-4673-9CF2-D23C130036E6}.Debug|x86.ActiveCfg = Debug|x86
		{18BF7E9A-D417-4673-9CF2-D23C130036E6}.Debug|x86.Build.0 = Debug|x86
		{18BF7E9A-D417-4673-9CF2-D23C130036E6}.Debug|x86.Deploy.0 = Debug|x86
		{18BF7E9A-D417-4673-9CF2-D23C130036E6}.Release|Any CPU.ActiveCfg = Release|Any CPU
		{18BF7E9A-D417-4673-9CF2-D23C130036E6}.Release|Any CPU.Build.0 = Release|Any CPU
		{18BF7E9A-D417-4673-9CF2-D23C130036E6}.Release|Any CPU.Deploy.0 = Release|Any CPU
		{18BF7E9A-D417-4673-9CF2-D23C130036E6}.Release|ARM.ActiveCfg = Release|ARM
		{18BF7E9A-D417-4673-9CF2-D23C130036E6}.Release|ARM.Build.0 = Release|ARM
		{18BF7E9A-D417-4673-9CF2-D23C130036E6}.Release|ARM.Deploy.0 = Release|ARM
		{18BF7E9A-D417-4673-9CF2-D23C130036E6}.Release|ARM64.ActiveCfg = Release|ARM64
		{18BF7E9A-D417-4673-9CF2-D23C130036E6}.Release|ARM64.Build.0 = Release|ARM64
		{18BF7E9A-D417-4673-9CF2-D23C130036E6}.Release|ARM64.Deploy.0 = Release|ARM64
		{18BF7E9A-D417-4673-9CF2-D23C130036E6}.Release|iPhone.ActiveCfg = Release|Any CPU
		{18BF7E9A-D417-4673-9CF2-D23C130036E6}.Release|iPhone.Build.0 = Release|Any CPU
		{18BF7E9A-D417-4673-9CF2-D23C130036E6}.Release|iPhone.Deploy.0 = Release|Any CPU
		{18BF7E9A-D417-4673-9CF2-D23C130036E6}.Release|iPhoneSimulator.ActiveCfg = Release|Any CPU
		{18BF7E9A-D417-4673-9CF2-D23C130036E6}.Release|iPhoneSimulator.Build.0 = Release|Any CPU
		{18BF7E9A-D417-4673-9CF2-D23C130036E6}.Release|iPhoneSimulator.Deploy.0 = Release|Any CPU
		{18BF7E9A-D417-4673-9CF2-D23C130036E6}.Release|x64.ActiveCfg = Release|x64
		{18BF7E9A-D417-4673-9CF2-D23C130036E6}.Release|x64.Build.0 = Release|x64
		{18BF7E9A-D417-4673-9CF2-D23C130036E6}.Release|x64.Deploy.0 = Release|x64
		{18BF7E9A-D417-4673-9CF2-D23C130036E6}.Release|x86.ActiveCfg = Release|x86
		{18BF7E9A-D417-4673-9CF2-D23C130036E6}.Release|x86.Build.0 = Release|x86
		{18BF7E9A-D417-4673-9CF2-D23C130036E6}.Release|x86.Deploy.0 = Release|x86
	EndGlobalSection
	GlobalSection(SolutionProperties) = preSolution
		HideSolutionNode = FALSE
	EndGlobalSection
	GlobalSection(NestedProjects) = preSolution
		{ECE91EB2-2DD8-41F7-BE7F-FB57484807B1} = {3B434268-93DE-49AD-83B0-069B50CB6891}
		{F970BED6-96C9-42BB-A3F6-C141FD9EA715} = {4175E5A0-1B5A-47E4-A9EA-0FC421148938}
		{EE74B884-6E2B-4D73-B5E3-B2C22BF4B2FF} = {3B434268-93DE-49AD-83B0-069B50CB6891}
		{9A511A00-B27F-42FC-B398-5ABE4D60C2E1} = {3120DFA2-0946-4259-833C-7A704CF00ECC}
		{83D719E9-3D7B-4266-BE47-0FDEB92FECCB} = {3120DFA2-0946-4259-833C-7A704CF00ECC}
		{F70F519C-49D8-4178-B05B-C4A0391D7C91} = {B3A6F801-0997-4EAE-8F7C-41D90B224B61}
		{A2182B4A-A700-47BE-8905-65E8C258B87E} = {3B434268-93DE-49AD-83B0-069B50CB6891}
		{EBAB995B-ABCF-488A-A3FA-726F99CFC9A2} = {B3A6F801-0997-4EAE-8F7C-41D90B224B61}
		{18BF7E9A-D417-4673-9CF2-D23C130036E6} = {3120DFA2-0946-4259-833C-7A704CF00ECC}
	EndGlobalSection
	GlobalSection(ExtensibilityGlobals) = postSolution
		SolutionGuid = {19215C22-DBE9-4567-A4E4-FCBCDED21E1A}
	EndGlobalSection
EndGlobal
